
Microsoft Visual Studio Solution File, Format Version 12.00
# Visual Studio 2013
VisualStudioVersion = 12.0.40629.0
MinimumVisualStudioVersion = 10.0.40219.1
Project("{2150E333-8FDC-42A3-9474-1A3956D46DE8}") = "SignKey", "SignKey", "{CD92CD90-F80E-4BBE-A822-F02E67C25555}"
	ProjectSection(SolutionItems) = preProject
		..\AuthGateway.Resources\SignKey\AuthGatewayKey.pfx = ..\AuthGateway.Resources\SignKey\AuthGatewayKey.pfx
	EndProjectSection
EndProject
Project("{FAE04EC0-301F-11D3-BF4B-00C04F79EFBC}") = "AuthGateway.AuthEngine", "..\AuthGateway\AuthGateway.AuthEngine\AuthGateway.AuthEngine\AuthGateway.AuthEngine.csproj", "{6202827D-599A-4091-8F53-6A30780A3502}"
EndProject
Project("{FAE04EC0-301F-11D3-BF4B-00C04F79EFBC}") = "AuthGateway.CloudSMS", "..\AuthGateway\AuthGateway.CloudSMS\AuthGateway.CloudSMS\AuthGateway.CloudSMS.csproj", "{C0EBE19F-5D73-444B-A517-A99C35D1FF2A}"
EndProject
Project("{FAE04EC0-301F-11D3-BF4B-00C04F79EFBC}") = "AuthGateway.Shared", "..\AuthGateway\AuthGateway.Shared\AuthGateway.Shared.csproj", "{8BD1EB98-49E6-4AAE-B39D-E77062115D19}"
EndProject
Project("{FAE04EC0-301F-11D3-BF4B-00C04F79EFBC}") = "AuthGateway.Shared.XmlMessages", "..\AuthGateway\AuthGateway.Shared.XmlMessages\AuthGateway.Shared.XmlMessages.csproj", "{4F1A4F40-5796-4108-B3B4-C35F7119189C}"
EndProject
Project("{FAE04EC0-301F-11D3-BF4B-00C04F79EFBC}") = "AuthGateway.AuthEngine.Logic", "..\AuthGateway\AuthGateway.AuthEngine.Logic\AuthGateway.AuthEngine.Logic.csproj", "{03B9C2F9-E62D-4E6E-96AD-5599046C97BF}"
EndProject
Project("{FAE04EC0-301F-11D3-BF4B-00C04F79EFBC}") = "AuthGateway.LicenseCreator", "..\AuthGateway\AuthGateway.LicenseCreator\AuthGateway.LicenseCreator.csproj", "{2FA709E0-1091-43C2-82DE-1A4CB079255A}"
EndProject
Project("{8BC9CEB8-8B4A-11D0-8D11-00A0C91BC942}") = "Ias.RADIUS.C", "..\othercode\Ias.RADIUS.C\Ias.RADIUS.C.vcxproj", "{C7E75A26-A0BE-E38A-23F4-F3A2DC8230D2}"
EndProject
Project("{FAE04EC0-301F-11D3-BF4B-00C04F79EFBC}") = "Ias.RADIUS.CSharp", "..\othercode\Ias.RADIUS.CSharp\Ias.RADIUS.CSharp.csproj", "{6E6A8C0D-E428-4EB3-A9D5-53021B862079}"
EndProject
Project("{FAE04EC0-301F-11D3-BF4B-00C04F79EFBC}") = "AuthGateway.GUIClient", "..\AuthGateway\AuthGateway.GUIClient\AuthGateway.GUIClient.csproj", "{DFFA6C17-E4E1-4056-9344-67C54EA5CBF0}"
EndProject
Project("{930C7802-8A8C-48F9-8165-68863BCCD9DD}") = "AuthGateway.Wix.SetupProject", "AuthGateway.Setup.WixSetupProject\AuthGateway.Wix.SetupProject.wixproj", "{C56DA5DC-39C6-4DF1-A911-4F2C5A32DD3D}"
EndProject
Project("{FAE04EC0-301F-11D3-BF4B-00C04F79EFBC}") = "AuthGateway.Wix.ServiceConfig", "AuthGateway.Wix.ServiceConfig\AuthGateway.Wix.ServiceConfig.csproj", "{F0FE43E2-82A0-4913-AFF3-37DDD16C896E}"
EndProject
Project("{FAE04EC0-301F-11D3-BF4B-00C04F79EFBC}") = "AuthGateway.MassUserSetup", "..\AuthGateway\AuthGateway.MassUserSetup\AuthGateway.MassUserSetup.csproj", "{102CFD39-1937-4BDC-843B-0066B7778F71}"
EndProject
Project("{FAE04EC0-301F-11D3-BF4B-00C04F79EFBC}") = "AuthGateway.Wix.ServiceConfig.Test", "AuthGateway.Wix.ServiceConfig.Test\AuthGateway.Wix.ServiceConfig.Test.csproj", "{4197DB08-C472-424B-8B7C-BB0C490D1187}"
EndProject
Project("{FAE04EC0-301F-11D3-BF4B-00C04F79EFBC}") = "AuthGateway.GSM.Gui", "..\AuthGateway\AuthGateway.GSM.Gui\AuthGateway.GSM.Gui.csproj", "{E3A093B8-2CDF-45D6-BB5F-D56D27D4621B}"
EndProject
Project("{FAE04EC0-301F-11D3-BF4B-00C04F79EFBC}") = "AuthGateway.Shared.Client", "..\AuthGateway\AuthGateway.Shared.Client\AuthGateway.Shared.Client.csproj", "{D86AB142-3302-48E8-A967-7B0F31058EF6}"
EndProject
Project("{FAE04EC0-301F-11D3-BF4B-00C04F79EFBC}") = "SMS2.PremiumAccess", "..\othercode\SMS2.PremiumAccess\SMS2.PremiumAccess\SMS2.PremiumAccess.csproj", "{D0B2CA82-02B8-4DEF-A7C7-CCCE2045BF65}"
EndProject
Project("{FAE04EC0-301F-11D3-BF4B-00C04F79EFBC}") = "AuthGateway.Setup.CitrixIntegration", "AuthGateway.Setup.CitrixIntegration\AuthGateway.Setup.CitrixIntegration.csproj", "{802D0233-1DC8-4577-A82C-D0155375393A}"
EndProject
Project("{FAE04EC0-301F-11D3-BF4B-00C04F79EFBC}") = "AuthGateway.AdminGUI", "..\AuthGateway\AuthGateway.AdminGUI\AuthGateway.AdminGUI.csproj", "{BCB3306E-7BD9-4A57-97E5-165B7B84A3BA}"
EndProject
Project("{FAE04EC0-301F-11D3-BF4B-00C04F79EFBC}") = "AuthGateway.OATH.XmlProcessor", "..\AuthGateway\AuthGateway.OATH.XmlProcessor\AuthGateway.OATH.XmlProcessor.csproj", "{27D1A5E6-06B9-4C89-917B-0F5C98CB5E1F}"
EndProject
Project("{FAE04EC0-301F-11D3-BF4B-00C04F79EFBC}") = "AuthGateway.OATH", "..\AuthGateway\AuthGateway.OATH\AuthGateway.OATH.csproj", "{767DCDA9-8DF7-40CD-82F4-42D25973C838}"
EndProject
Project("{FAE04EC0-301F-11D3-BF4B-00C04F79EFBC}") = "AuthGateway.OATH.Cmd", "..\AuthGateway\AuthGateway.OATH.Cmd\AuthGateway.OATH.Cmd.csproj", "{C1A2A078-E5BF-43EA-BC46-6D1D0C776F3E}"
EndProject
Project("{FAE04EC0-301F-11D3-BF4B-00C04F79EFBC}") = "AuthGateway.OATH.Service", "..\AuthGateway\AuthGateway.OATH.Service\AuthGateway.OATH.Service.csproj", "{5CC0461E-EE0F-446E-8D4B-C6BD612750E0}"
EndProject
Project("{FAE04EC0-301F-11D3-BF4B-00C04F79EFBC}") = "AuthGateway.CmdClient", "..\AuthGateway\AuthGateway.CmdClient\AuthGateway.CmdClient.csproj", "{65910645-21EB-4D86-A278-1E47FC58157E}"
EndProject
Project("{FAE04EC0-301F-11D3-BF4B-00C04F79EFBC}") = "AuthGateway.MakeAdmin", "AuthGateway.MakeAdmin\AuthGateway.MakeAdmin.csproj", "{83E913EC-7B5E-47EF-B669-B5BF7EC90F20}"
EndProject
Project("{FAE04EC0-301F-11D3-BF4B-00C04F79EFBC}") = "AuthGateway.Admin.ResetUserInfo", "AuthGateway.Admin.ResetUserInfo\AuthGateway.Admin.ResetUserInfo.csproj", "{0EBB60ED-5850-4FA4-8D3E-F1109BD18044}"
EndProject
Project("{FAE04EC0-301F-11D3-BF4B-00C04F79EFBC}") = "AuthGateway.Util", "..\AuthGateway\AuthGateway.Util\AuthGateway.Util.csproj", "{416A2FE3-3EA3-493C-BF50-781D9DF0C897}"
EndProject
Project("{2150E333-8FDC-42A3-9474-1A3956D46DE8}") = "Builds", "Builds", "{330F31D5-F38A-4FB6-BFB8-39B99B64007F}"
	ProjectSection(SolutionItems) = preProject
		generate.build.ps1 = generate.build.ps1
	EndProjectSection
EndProject
Project("{FAE04EC0-301F-11D3-BF4B-00C04F79EFBC}") = "AuthGateway.MutualAuthImages", "..\AuthGateway\AuthGateway.MutualAuthImages\AuthGateway.MutualAuthImages\AuthGateway.MutualAuthImages.csproj", "{3B972E84-AB15-4E13-9BE9-6336A775BE1F}"
EndProject
Global
	GlobalSection(SolutionConfigurationPlatforms) = preSolution
		Debug|Any CPU = Debug|Any CPU
		Debug|Mixed Platforms = Debug|Mixed Platforms
		Debug|x64 = Debug|x64
		Debug|x86 = Debug|x86
		Release|Any CPU = Release|Any CPU
		Release|Mixed Platforms = Release|Mixed Platforms
		Release|x64 = Release|x64
		Release|x86 = Release|x86
	EndGlobalSection
	GlobalSection(ProjectConfigurationPlatforms) = postSolution
		{6202827D-599A-4091-8F53-6A30780A3502}.Debug|Any CPU.ActiveCfg = Debug|Any CPU
		{6202827D-599A-4091-8F53-6A30780A3502}.Debug|Any CPU.Build.0 = Debug|Any CPU
		{6202827D-599A-4091-8F53-6A30780A3502}.Debug|Mixed Platforms.ActiveCfg = Debug|x86
		{6202827D-599A-4091-8F53-6A30780A3502}.Debug|Mixed Platforms.Build.0 = Debug|x86
		{6202827D-599A-4091-8F53-6A30780A3502}.Debug|x64.ActiveCfg = Debug|x64
		{6202827D-599A-4091-8F53-6A30780A3502}.Debug|x64.Build.0 = Debug|x64
		{6202827D-599A-4091-8F53-6A30780A3502}.Debug|x86.ActiveCfg = Debug|x86
		{6202827D-599A-4091-8F53-6A30780A3502}.Debug|x86.Build.0 = Debug|x86
		{6202827D-599A-4091-8F53-6A30780A3502}.Release|Any CPU.ActiveCfg = Release|Any CPU
		{6202827D-599A-4091-8F53-6A30780A3502}.Release|Any CPU.Build.0 = Release|Any CPU
		{6202827D-599A-4091-8F53-6A30780A3502}.Release|Mixed Platforms.ActiveCfg = Release|x86
		{6202827D-599A-4091-8F53-6A30780A3502}.Release|Mixed Platforms.Build.0 = Release|x86
		{6202827D-599A-4091-8F53-6A30780A3502}.Release|x64.ActiveCfg = Release|x64
		{6202827D-599A-4091-8F53-6A30780A3502}.Release|x64.Build.0 = Release|x64
		{6202827D-599A-4091-8F53-6A30780A3502}.Release|x86.ActiveCfg = Release|x86
		{6202827D-599A-4091-8F53-6A30780A3502}.Release|x86.Build.0 = Release|x86
		{C0EBE19F-5D73-444B-A517-A99C35D1FF2A}.Debug|Any CPU.ActiveCfg = Debug|Any CPU
		{C0EBE19F-5D73-444B-A517-A99C35D1FF2A}.Debug|Any CPU.Build.0 = Debug|Any CPU
		{C0EBE19F-5D73-444B-A517-A99C35D1FF2A}.Debug|Mixed Platforms.ActiveCfg = Debug|x86
		{C0EBE19F-5D73-444B-A517-A99C35D1FF2A}.Debug|Mixed Platforms.Build.0 = Debug|x86
		{C0EBE19F-5D73-444B-A517-A99C35D1FF2A}.Debug|x64.ActiveCfg = Debug|x64
		{C0EBE19F-5D73-444B-A517-A99C35D1FF2A}.Debug|x64.Build.0 = Debug|x64
		{C0EBE19F-5D73-444B-A517-A99C35D1FF2A}.Debug|x86.ActiveCfg = Debug|x86
		{C0EBE19F-5D73-444B-A517-A99C35D1FF2A}.Debug|x86.Build.0 = Debug|x86
		{C0EBE19F-5D73-444B-A517-A99C35D1FF2A}.Release|Any CPU.ActiveCfg = Release|Any CPU
		{C0EBE19F-5D73-444B-A517-A99C35D1FF2A}.Release|Any CPU.Build.0 = Release|Any CPU
		{C0EBE19F-5D73-444B-A517-A99C35D1FF2A}.Release|Mixed Platforms.ActiveCfg = Release|x86
		{C0EBE19F-5D73-444B-A517-A99C35D1FF2A}.Release|Mixed Platforms.Build.0 = Release|x86
		{C0EBE19F-5D73-444B-A517-A99C35D1FF2A}.Release|x64.ActiveCfg = Release|x64
		{C0EBE19F-5D73-444B-A517-A99C35D1FF2A}.Release|x64.Build.0 = Release|x64
		{C0EBE19F-5D73-444B-A517-A99C35D1FF2A}.Release|x86.ActiveCfg = Release|x86
		{C0EBE19F-5D73-444B-A517-A99C35D1FF2A}.Release|x86.Build.0 = Release|x86
		{8BD1EB98-49E6-4AAE-B39D-E77062115D19}.Debug|Any CPU.ActiveCfg = Debug|Any CPU
		{8BD1EB98-49E6-4AAE-B39D-E77062115D19}.Debug|Any CPU.Build.0 = Debug|Any CPU
		{8BD1EB98-49E6-4AAE-B39D-E77062115D19}.Debug|Mixed Platforms.ActiveCfg = Debug|x86
		{8BD1EB98-49E6-4AAE-B39D-E77062115D19}.Debug|Mixed Platforms.Build.0 = Debug|x86
		{8BD1EB98-49E6-4AAE-B39D-E77062115D19}.Debug|x64.ActiveCfg = Debug|x64
		{8BD1EB98-49E6-4AAE-B39D-E77062115D19}.Debug|x64.Build.0 = Debug|x64
		{8BD1EB98-49E6-4AAE-B39D-E77062115D19}.Debug|x86.ActiveCfg = Debug|x86
		{8BD1EB98-49E6-4AAE-B39D-E77062115D19}.Debug|x86.Build.0 = Debug|x86
		{8BD1EB98-49E6-4AAE-B39D-E77062115D19}.Release|Any CPU.ActiveCfg = Release|Any CPU
		{8BD1EB98-49E6-4AAE-B39D-E77062115D19}.Release|Any CPU.Build.0 = Release|Any CPU
		{8BD1EB98-49E6-4AAE-B39D-E77062115D19}.Release|Mixed Platforms.ActiveCfg = Release|x86
		{8BD1EB98-49E6-4AAE-B39D-E77062115D19}.Release|Mixed Platforms.Build.0 = Release|x86
		{8BD1EB98-49E6-4AAE-B39D-E77062115D19}.Release|x64.ActiveCfg = Release|x64
		{8BD1EB98-49E6-4AAE-B39D-E77062115D19}.Release|x64.Build.0 = Release|x64
		{8BD1EB98-49E6-4AAE-B39D-E77062115D19}.Release|x86.ActiveCfg = Release|x86
		{8BD1EB98-49E6-4AAE-B39D-E77062115D19}.Release|x86.Build.0 = Release|x86
		{4F1A4F40-5796-4108-B3B4-C35F7119189C}.Debug|Any CPU.ActiveCfg = Debug|Any CPU
		{4F1A4F40-5796-4108-B3B4-C35F7119189C}.Debug|Any CPU.Build.0 = Debug|Any CPU
		{4F1A4F40-5796-4108-B3B4-C35F7119189C}.Debug|Mixed Platforms.ActiveCfg = Debug|x86
		{4F1A4F40-5796-4108-B3B4-C35F7119189C}.Debug|Mixed Platforms.Build.0 = Debug|x86
		{4F1A4F40-5796-4108-B3B4-C35F7119189C}.Debug|x64.ActiveCfg = Debug|x64
		{4F1A4F40-5796-4108-B3B4-C35F7119189C}.Debug|x64.Build.0 = Debug|x64
		{4F1A4F40-5796-4108-B3B4-C35F7119189C}.Debug|x86.ActiveCfg = Debug|x86
		{4F1A4F40-5796-4108-B3B4-C35F7119189C}.Debug|x86.Build.0 = Debug|x86
		{4F1A4F40-5796-4108-B3B4-C35F7119189C}.Release|Any CPU.ActiveCfg = Release|Any CPU
		{4F1A4F40-5796-4108-B3B4-C35F7119189C}.Release|Any CPU.Build.0 = Release|Any CPU
		{4F1A4F40-5796-4108-B3B4-C35F7119189C}.Release|Mixed Platforms.ActiveCfg = Release|x86
		{4F1A4F40-5796-4108-B3B4-C35F7119189C}.Release|Mixed Platforms.Build.0 = Release|x86
		{4F1A4F40-5796-4108-B3B4-C35F7119189C}.Release|x64.ActiveCfg = Release|x64
		{4F1A4F40-5796-4108-B3B4-C35F7119189C}.Release|x64.Build.0 = Release|x64
		{4F1A4F40-5796-4108-B3B4-C35F7119189C}.Release|x86.ActiveCfg = Release|x86
		{4F1A4F40-5796-4108-B3B4-C35F7119189C}.Release|x86.Build.0 = Release|x86
		{03B9C2F9-E62D-4E6E-96AD-5599046C97BF}.Debug|Any CPU.ActiveCfg = Debug|Any CPU
		{03B9C2F9-E62D-4E6E-96AD-5599046C97BF}.Debug|Any CPU.Build.0 = Debug|Any CPU
		{03B9C2F9-E62D-4E6E-96AD-5599046C97BF}.Debug|Mixed Platforms.ActiveCfg = Debug|x86
		{03B9C2F9-E62D-4E6E-96AD-5599046C97BF}.Debug|Mixed Platforms.Build.0 = Debug|x86
		{03B9C2F9-E62D-4E6E-96AD-5599046C97BF}.Debug|x64.ActiveCfg = Debug|x64
		{03B9C2F9-E62D-4E6E-96AD-5599046C97BF}.Debug|x64.Build.0 = Debug|x64
		{03B9C2F9-E62D-4E6E-96AD-5599046C97BF}.Debug|x86.ActiveCfg = Debug|x86
		{03B9C2F9-E62D-4E6E-96AD-5599046C97BF}.Debug|x86.Build.0 = Debug|x86
		{03B9C2F9-E62D-4E6E-96AD-5599046C97BF}.Release|Any CPU.ActiveCfg = Release|Any CPU
		{03B9C2F9-E62D-4E6E-96AD-5599046C97BF}.Release|Any CPU.Build.0 = Release|Any CPU
		{03B9C2F9-E62D-4E6E-96AD-5599046C97BF}.Release|Mixed Platforms.ActiveCfg = Release|x86
		{03B9C2F9-E62D-4E6E-96AD-5599046C97BF}.Release|Mixed Platforms.Build.0 = Release|x86
		{03B9C2F9-E62D-4E6E-96AD-5599046C97BF}.Release|x64.ActiveCfg = Release|x64
		{03B9C2F9-E62D-4E6E-96AD-5599046C97BF}.Release|x64.Build.0 = Release|x64
		{03B9C2F9-E62D-4E6E-96AD-5599046C97BF}.Release|x86.ActiveCfg = Release|x86
		{03B9C2F9-E62D-4E6E-96AD-5599046C97BF}.Release|x86.Build.0 = Release|x86
		{2FA709E0-1091-43C2-82DE-1A4CB079255A}.Debug|Any CPU.ActiveCfg = Debug|Any CPU
		{2FA709E0-1091-43C2-82DE-1A4CB079255A}.Debug|Any CPU.Build.0 = Debug|Any CPU
		{2FA709E0-1091-43C2-82DE-1A4CB079255A}.Debug|Mixed Platforms.ActiveCfg = Debug|x86
		{2FA709E0-1091-43C2-82DE-1A4CB079255A}.Debug|Mixed Platforms.Build.0 = Debug|x86
		{2FA709E0-1091-43C2-82DE-1A4CB079255A}.Debug|x64.ActiveCfg = Debug|x64
		{2FA709E0-1091-43C2-82DE-1A4CB079255A}.Debug|x64.Build.0 = Debug|x64
		{2FA709E0-1091-43C2-82DE-1A4CB079255A}.Debug|x86.ActiveCfg = Debug|x86
		{2FA709E0-1091-43C2-82DE-1A4CB079255A}.Debug|x86.Build.0 = Debug|x86
		{2FA709E0-1091-43C2-82DE-1A4CB079255A}.Release|Any CPU.ActiveCfg = Release|Any CPU
		{2FA709E0-1091-43C2-82DE-1A4CB079255A}.Release|Any CPU.Build.0 = Release|Any CPU
		{2FA709E0-1091-43C2-82DE-1A4CB079255A}.Release|Mixed Platforms.ActiveCfg = Release|x86
		{2FA709E0-1091-43C2-82DE-1A4CB079255A}.Release|Mixed Platforms.Build.0 = Release|x86
		{2FA709E0-1091-43C2-82DE-1A4CB079255A}.Release|x64.ActiveCfg = Release|x64
		{2FA709E0-1091-43C2-82DE-1A4CB079255A}.Release|x64.Build.0 = Release|x64
		{2FA709E0-1091-43C2-82DE-1A4CB079255A}.Release|x86.ActiveCfg = Release|x86
		{2FA709E0-1091-43C2-82DE-1A4CB079255A}.Release|x86.Build.0 = Release|x86
		{C7E75A26-A0BE-E38A-23F4-F3A2DC8230D2}.Debug|Any CPU.ActiveCfg = Debug|x64
		{C7E75A26-A0BE-E38A-23F4-F3A2DC8230D2}.Debug|Any CPU.Build.0 = Debug|x64
		{C7E75A26-A0BE-E38A-23F4-F3A2DC8230D2}.Debug|Mixed Platforms.ActiveCfg = Debug|Win32
		{C7E75A26-A0BE-E38A-23F4-F3A2DC8230D2}.Debug|Mixed Platforms.Build.0 = Debug|Win32
		{C7E75A26-A0BE-E38A-23F4-F3A2DC8230D2}.Debug|x64.ActiveCfg = Debug|x64
		{C7E75A26-A0BE-E38A-23F4-F3A2DC8230D2}.Debug|x64.Build.0 = Debug|x64
		{C7E75A26-A0BE-E38A-23F4-F3A2DC8230D2}.Debug|x86.ActiveCfg = Debug|Win32
		{C7E75A26-A0BE-E38A-23F4-F3A2DC8230D2}.Debug|x86.Build.0 = Debug|Win32
		{C7E75A26-A0BE-E38A-23F4-F3A2DC8230D2}.Release|Any CPU.ActiveCfg = Release|x64
		{C7E75A26-A0BE-E38A-23F4-F3A2DC8230D2}.Release|Any CPU.Build.0 = Release|x64
		{C7E75A26-A0BE-E38A-23F4-F3A2DC8230D2}.Release|Mixed Platforms.ActiveCfg = Release|Win32
		{C7E75A26-A0BE-E38A-23F4-F3A2DC8230D2}.Release|Mixed Platforms.Build.0 = Release|Win32
		{C7E75A26-A0BE-E38A-23F4-F3A2DC8230D2}.Release|x64.ActiveCfg = Release|x64
		{C7E75A26-A0BE-E38A-23F4-F3A2DC8230D2}.Release|x64.Build.0 = Release|x64
		{C7E75A26-A0BE-E38A-23F4-F3A2DC8230D2}.Release|x86.ActiveCfg = Release|Win32
		{C7E75A26-A0BE-E38A-23F4-F3A2DC8230D2}.Release|x86.Build.0 = Release|Win32
		{6E6A8C0D-E428-4EB3-A9D5-53021B862079}.Debug|Any CPU.ActiveCfg = Debug|Any CPU
		{6E6A8C0D-E428-4EB3-A9D5-53021B862079}.Debug|Any CPU.Build.0 = Debug|Any CPU
		{6E6A8C0D-E428-4EB3-A9D5-53021B862079}.Debug|Mixed Platforms.ActiveCfg = Debug|x86
		{6E6A8C0D-E428-4EB3-A9D5-53021B862079}.Debug|Mixed Platforms.Build.0 = Debug|x86
		{6E6A8C0D-E428-4EB3-A9D5-53021B862079}.Debug|x64.ActiveCfg = Debug|x64
		{6E6A8C0D-E428-4EB3-A9D5-53021B862079}.Debug|x64.Build.0 = Debug|x64
		{6E6A8C0D-E428-4EB3-A9D5-53021B862079}.Debug|x86.ActiveCfg = Debug|x86
		{6E6A8C0D-E428-4EB3-A9D5-53021B862079}.Debug|x86.Build.0 = Debug|x86
		{6E6A8C0D-E428-4EB3-A9D5-53021B862079}.Release|Any CPU.ActiveCfg = Release|Any CPU
		{6E6A8C0D-E428-4EB3-A9D5-53021B862079}.Release|Any CPU.Build.0 = Release|Any CPU
		{6E6A8C0D-E428-4EB3-A9D5-53021B862079}.Release|Mixed Platforms.ActiveCfg = Release|x86
		{6E6A8C0D-E428-4EB3-A9D5-53021B862079}.Release|Mixed Platforms.Build.0 = Release|x86
		{6E6A8C0D-E428-4EB3-A9D5-53021B862079}.Release|x64.ActiveCfg = Release|x64
		{6E6A8C0D-E428-4EB3-A9D5-53021B862079}.Release|x64.Build.0 = Release|x64
		{6E6A8C0D-E428-4EB3-A9D5-53021B862079}.Release|x86.ActiveCfg = Release|x86
		{6E6A8C0D-E428-4EB3-A9D5-53021B862079}.Release|x86.Build.0 = Release|x86
		{DFFA6C17-E4E1-4056-9344-67C54EA5CBF0}.Debug|Any CPU.ActiveCfg = Debug|Any CPU
		{DFFA6C17-E4E1-4056-9344-67C54EA5CBF0}.Debug|Any CPU.Build.0 = Debug|Any CPU
		{DFFA6C17-E4E1-4056-9344-67C54EA5CBF0}.Debug|Mixed Platforms.ActiveCfg = Debug|x86
		{DFFA6C17-E4E1-4056-9344-67C54EA5CBF0}.Debug|Mixed Platforms.Build.0 = Debug|x86
		{DFFA6C17-E4E1-4056-9344-67C54EA5CBF0}.Debug|x64.ActiveCfg = Debug|x64
		{DFFA6C17-E4E1-4056-9344-67C54EA5CBF0}.Debug|x64.Build.0 = Debug|x64
		{DFFA6C17-E4E1-4056-9344-67C54EA5CBF0}.Debug|x86.ActiveCfg = Debug|x86
		{DFFA6C17-E4E1-4056-9344-67C54EA5CBF0}.Debug|x86.Build.0 = Debug|x86
		{DFFA6C17-E4E1-4056-9344-67C54EA5CBF0}.Release|Any CPU.ActiveCfg = Release|Any CPU
		{DFFA6C17-E4E1-4056-9344-67C54EA5CBF0}.Release|Any CPU.Build.0 = Release|Any CPU
		{DFFA6C17-E4E1-4056-9344-67C54EA5CBF0}.Release|Mixed Platforms.ActiveCfg = Release|x86
		{DFFA6C17-E4E1-4056-9344-67C54EA5CBF0}.Release|Mixed Platforms.Build.0 = Release|x86
		{DFFA6C17-E4E1-4056-9344-67C54EA5CBF0}.Release|x64.ActiveCfg = Release|x64
		{DFFA6C17-E4E1-4056-9344-67C54EA5CBF0}.Release|x64.Build.0 = Release|x64
		{DFFA6C17-E4E1-4056-9344-67C54EA5CBF0}.Release|x86.ActiveCfg = Release|x86
		{DFFA6C17-E4E1-4056-9344-67C54EA5CBF0}.Release|x86.Build.0 = Release|x86
		{C56DA5DC-39C6-4DF1-A911-4F2C5A32DD3D}.Debug|Any CPU.ActiveCfg = Debug|x64
		{C56DA5DC-39C6-4DF1-A911-4F2C5A32DD3D}.Debug|Mixed Platforms.ActiveCfg = Debug|x86
		{C56DA5DC-39C6-4DF1-A911-4F2C5A32DD3D}.Debug|Mixed Platforms.Build.0 = Debug|x86
		{C56DA5DC-39C6-4DF1-A911-4F2C5A32DD3D}.Debug|x64.ActiveCfg = Debug|x64
		{C56DA5DC-39C6-4DF1-A911-4F2C5A32DD3D}.Debug|x86.ActiveCfg = Debug|x86
		{C56DA5DC-39C6-4DF1-A911-4F2C5A32DD3D}.Release|Any CPU.ActiveCfg = Release|x64
		{C56DA5DC-39C6-4DF1-A911-4F2C5A32DD3D}.Release|Any CPU.Deploy.0 = Release|x64
		{C56DA5DC-39C6-4DF1-A911-4F2C5A32DD3D}.Release|Mixed Platforms.ActiveCfg = Release|x86
		{C56DA5DC-39C6-4DF1-A911-4F2C5A32DD3D}.Release|Mixed Platforms.Build.0 = Release|x86
		{C56DA5DC-39C6-4DF1-A911-4F2C5A32DD3D}.Release|x64.ActiveCfg = Release|x64
		{C56DA5DC-39C6-4DF1-A911-4F2C5A32DD3D}.Release|x86.ActiveCfg = Release|x86
		{F0FE43E2-82A0-4913-AFF3-37DDD16C896E}.Debug|Any CPU.ActiveCfg = Debug|x64
		{F0FE43E2-82A0-4913-AFF3-37DDD16C896E}.Debug|Any CPU.Build.0 = Debug|x64
		{F0FE43E2-82A0-4913-AFF3-37DDD16C896E}.Debug|Mixed Platforms.ActiveCfg = Debug|x86
		{F0FE43E2-82A0-4913-AFF3-37DDD16C896E}.Debug|Mixed Platforms.Build.0 = Debug|x86
		{F0FE43E2-82A0-4913-AFF3-37DDD16C896E}.Debug|x64.ActiveCfg = Debug|x64
		{F0FE43E2-82A0-4913-AFF3-37DDD16C896E}.Debug|x64.Build.0 = Debug|x64
		{F0FE43E2-82A0-4913-AFF3-37DDD16C896E}.Debug|x86.ActiveCfg = Debug|x86
		{F0FE43E2-82A0-4913-AFF3-37DDD16C896E}.Debug|x86.Build.0 = Debug|x86
		{F0FE43E2-82A0-4913-AFF3-37DDD16C896E}.Release|Any CPU.ActiveCfg = Release|x64
		{F0FE43E2-82A0-4913-AFF3-37DDD16C896E}.Release|Any CPU.Build.0 = Release|x64
		{F0FE43E2-82A0-4913-AFF3-37DDD16C896E}.Release|Mixed Platforms.ActiveCfg = Release|x86
		{F0FE43E2-82A0-4913-AFF3-37DDD16C896E}.Release|Mixed Platforms.Build.0 = Release|x86
		{F0FE43E2-82A0-4913-AFF3-37DDD16C896E}.Release|x64.ActiveCfg = Release|x64
		{F0FE43E2-82A0-4913-AFF3-37DDD16C896E}.Release|x64.Build.0 = Release|x64
		{F0FE43E2-82A0-4913-AFF3-37DDD16C896E}.Release|x86.ActiveCfg = Release|x86
		{F0FE43E2-82A0-4913-AFF3-37DDD16C896E}.Release|x86.Build.0 = Release|x86
		{102CFD39-1937-4BDC-843B-0066B7778F71}.Debug|Any CPU.ActiveCfg = Debug|Any CPU
		{102CFD39-1937-4BDC-843B-0066B7778F71}.Debug|Any CPU.Build.0 = Debug|Any CPU
		{102CFD39-1937-4BDC-843B-0066B7778F71}.Debug|Mixed Platforms.ActiveCfg = Debug|x86
		{102CFD39-1937-4BDC-843B-0066B7778F71}.Debug|Mixed Platforms.Build.0 = Debug|x86
		{102CFD39-1937-4BDC-843B-0066B7778F71}.Debug|x64.ActiveCfg = Debug|x64
		{102CFD39-1937-4BDC-843B-0066B7778F71}.Debug|x64.Build.0 = Debug|x64
		{102CFD39-1937-4BDC-843B-0066B7778F71}.Debug|x86.ActiveCfg = Debug|x86
		{102CFD39-1937-4BDC-843B-0066B7778F71}.Debug|x86.Build.0 = Debug|x86
		{102CFD39-1937-4BDC-843B-0066B7778F71}.Release|Any CPU.ActiveCfg = Release|Any CPU
		{102CFD39-1937-4BDC-843B-0066B7778F71}.Release|Any CPU.Build.0 = Release|Any CPU
		{102CFD39-1937-4BDC-843B-0066B7778F71}.Release|Mixed Platforms.ActiveCfg = Release|x86
		{102CFD39-1937-4BDC-843B-0066B7778F71}.Release|Mixed Platforms.Build.0 = Release|x86
		{102CFD39-1937-4BDC-843B-0066B7778F71}.Release|x64.ActiveCfg = Release|x64
		{102CFD39-1937-4BDC-843B-0066B7778F71}.Release|x64.Build.0 = Release|x64
		{102CFD39-1937-4BDC-843B-0066B7778F71}.Release|x86.ActiveCfg = Release|x86
		{102CFD39-1937-4BDC-843B-0066B7778F71}.Release|x86.Build.0 = Release|x86
		{4197DB08-C472-424B-8B7C-BB0C490D1187}.Debug|Any CPU.ActiveCfg = Debug|x64
		{4197DB08-C472-424B-8B7C-BB0C490D1187}.Debug|Any CPU.Build.0 = Debug|x64
		{4197DB08-C472-424B-8B7C-BB0C490D1187}.Debug|Mixed Platforms.ActiveCfg = Debug|x86
		{4197DB08-C472-424B-8B7C-BB0C490D1187}.Debug|Mixed Platforms.Build.0 = Debug|x86
		{4197DB08-C472-424B-8B7C-BB0C490D1187}.Debug|x64.ActiveCfg = Debug|x64
		{4197DB08-C472-424B-8B7C-BB0C490D1187}.Debug|x64.Build.0 = Debug|x64
		{4197DB08-C472-424B-8B7C-BB0C490D1187}.Debug|x86.ActiveCfg = Debug|x86
		{4197DB08-C472-424B-8B7C-BB0C490D1187}.Debug|x86.Build.0 = Debug|x86
		{4197DB08-C472-424B-8B7C-BB0C490D1187}.Release|Any CPU.ActiveCfg = Release|x64
		{4197DB08-C472-424B-8B7C-BB0C490D1187}.Release|Any CPU.Build.0 = Release|x64
		{4197DB08-C472-424B-8B7C-BB0C490D1187}.Release|Any CPU.Deploy.0 = Release|x64
		{4197DB08-C472-424B-8B7C-BB0C490D1187}.Release|Mixed Platforms.ActiveCfg = Release|x86
		{4197DB08-C472-424B-8B7C-BB0C490D1187}.Release|Mixed Platforms.Build.0 = Release|x86
		{4197DB08-C472-424B-8B7C-BB0C490D1187}.Release|x64.ActiveCfg = Release|x64
		{4197DB08-C472-424B-8B7C-BB0C490D1187}.Release|x64.Build.0 = Release|x64
		{4197DB08-C472-424B-8B7C-BB0C490D1187}.Release|x86.ActiveCfg = Release|x86
		{4197DB08-C472-424B-8B7C-BB0C490D1187}.Release|x86.Build.0 = Release|x86
		{E3A093B8-2CDF-45D6-BB5F-D56D27D4621B}.Debug|Any CPU.ActiveCfg = Debug|Any CPU
		{E3A093B8-2CDF-45D6-BB5F-D56D27D4621B}.Debug|Any CPU.Build.0 = Debug|Any CPU
		{E3A093B8-2CDF-45D6-BB5F-D56D27D4621B}.Debug|Mixed Platforms.ActiveCfg = Debug|x86
		{E3A093B8-2CDF-45D6-BB5F-D56D27D4621B}.Debug|Mixed Platforms.Build.0 = Debug|x86
		{E3A093B8-2CDF-45D6-BB5F-D56D27D4621B}.Debug|x64.ActiveCfg = Debug|x64
		{E3A093B8-2CDF-45D6-BB5F-D56D27D4621B}.Debug|x64.Build.0 = Debug|x64
		{E3A093B8-2CDF-45D6-BB5F-D56D27D4621B}.Debug|x86.ActiveCfg = Debug|x86
		{E3A093B8-2CDF-45D6-BB5F-D56D27D4621B}.Debug|x86.Build.0 = Debug|x86
		{E3A093B8-2CDF-45D6-BB5F-D56D27D4621B}.Release|Any CPU.ActiveCfg = Release|Any CPU
		{E3A093B8-2CDF-45D6-BB5F-D56D27D4621B}.Release|Any CPU.Build.0 = Release|Any CPU
		{E3A093B8-2CDF-45D6-BB5F-D56D27D4621B}.Release|Mixed Platforms.ActiveCfg = Release|x86
		{E3A093B8-2CDF-45D6-BB5F-D56D27D4621B}.Release|Mixed Platforms.Build.0 = Release|x86
		{E3A093B8-2CDF-45D6-BB5F-D56D27D4621B}.Release|x64.ActiveCfg = Release|x64
		{E3A093B8-2CDF-45D6-BB5F-D56D27D4621B}.Release|x64.Build.0 = Release|x64
		{E3A093B8-2CDF-45D6-BB5F-D56D27D4621B}.Release|x86.ActiveCfg = Release|x86
		{E3A093B8-2CDF-45D6-BB5F-D56D27D4621B}.Release|x86.Build.0 = Release|x86
		{D86AB142-3302-48E8-A967-7B0F31058EF6}.Debug|Any CPU.ActiveCfg = Debug|Any CPU
		{D86AB142-3302-48E8-A967-7B0F31058EF6}.Debug|Any CPU.Build.0 = Debug|Any CPU
		{D86AB142-3302-48E8-A967-7B0F31058EF6}.Debug|Mixed Platforms.ActiveCfg = Debug|x86
		{D86AB142-3302-48E8-A967-7B0F31058EF6}.Debug|Mixed Platforms.Build.0 = Debug|x86
		{D86AB142-3302-48E8-A967-7B0F31058EF6}.Debug|x64.ActiveCfg = Debug|x64
		{D86AB142-3302-48E8-A967-7B0F31058EF6}.Debug|x64.Build.0 = Debug|x64
		{D86AB142-3302-48E8-A967-7B0F31058EF6}.Debug|x86.ActiveCfg = Debug|x86
		{D86AB142-3302-48E8-A967-7B0F31058EF6}.Debug|x86.Build.0 = Debug|x86
		{D86AB142-3302-48E8-A967-7B0F31058EF6}.Release|Any CPU.ActiveCfg = Release|Any CPU
		{D86AB142-3302-48E8-A967-7B0F31058EF6}.Release|Any CPU.Build.0 = Release|Any CPU
		{D86AB142-3302-48E8-A967-7B0F31058EF6}.Release|Mixed Platforms.ActiveCfg = Release|x86
		{D86AB142-3302-48E8-A967-7B0F31058EF6}.Release|Mixed Platforms.Build.0 = Release|x86
		{D86AB142-3302-48E8-A967-7B0F31058EF6}.Release|x64.ActiveCfg = Release|x64
		{D86AB142-3302-48E8-A967-7B0F31058EF6}.Release|x64.Build.0 = Release|x64
		{D86AB142-3302-48E8-A967-7B0F31058EF6}.Release|x86.ActiveCfg = Release|x86
		{D86AB142-3302-48E8-A967-7B0F31058EF6}.Release|x86.Build.0 = Release|x86
		{D0B2CA82-02B8-4DEF-A7C7-CCCE2045BF65}.Debug|Any CPU.ActiveCfg = Debug|x64
		{D0B2CA82-02B8-4DEF-A7C7-CCCE2045BF65}.Debug|Any CPU.Build.0 = Debug|x64
		{D0B2CA82-02B8-4DEF-A7C7-CCCE2045BF65}.Debug|Mixed Platforms.ActiveCfg = Debug|x86
		{D0B2CA82-02B8-4DEF-A7C7-CCCE2045BF65}.Debug|Mixed Platforms.Build.0 = Debug|x86
		{D0B2CA82-02B8-4DEF-A7C7-CCCE2045BF65}.Debug|x64.ActiveCfg = Debug|x64
		{D0B2CA82-02B8-4DEF-A7C7-CCCE2045BF65}.Debug|x64.Build.0 = Debug|x64
		{D0B2CA82-02B8-4DEF-A7C7-CCCE2045BF65}.Debug|x86.ActiveCfg = Debug|x86
		{D0B2CA82-02B8-4DEF-A7C7-CCCE2045BF65}.Debug|x86.Build.0 = Debug|x86
		{D0B2CA82-02B8-4DEF-A7C7-CCCE2045BF65}.Release|Any CPU.ActiveCfg = Release|x64
		{D0B2CA82-02B8-4DEF-A7C7-CCCE2045BF65}.Release|Any CPU.Build.0 = Release|x64
		{D0B2CA82-02B8-4DEF-A7C7-CCCE2045BF65}.Release|Mixed Platforms.ActiveCfg = Release|x86
		{D0B2CA82-02B8-4DEF-A7C7-CCCE2045BF65}.Release|Mixed Platforms.Build.0 = Release|x86
		{D0B2CA82-02B8-4DEF-A7C7-CCCE2045BF65}.Release|x64.ActiveCfg = Release|x64
		{D0B2CA82-02B8-4DEF-A7C7-CCCE2045BF65}.Release|x64.Build.0 = Release|x64
		{D0B2CA82-02B8-4DEF-A7C7-CCCE2045BF65}.Release|x86.ActiveCfg = Release|x86
		{D0B2CA82-02B8-4DEF-A7C7-CCCE2045BF65}.Release|x86.Build.0 = Release|x86
		{802D0233-1DC8-4577-A82C-D0155375393A}.Debug|Any CPU.ActiveCfg = Debug|Any CPU
		{802D0233-1DC8-4577-A82C-D0155375393A}.Debug|Any CPU.Build.0 = Debug|Any CPU
		{802D0233-1DC8-4577-A82C-D0155375393A}.Debug|Mixed Platforms.ActiveCfg = Debug|x86
		{802D0233-1DC8-4577-A82C-D0155375393A}.Debug|Mixed Platforms.Build.0 = Debug|x86
		{802D0233-1DC8-4577-A82C-D0155375393A}.Debug|x64.ActiveCfg = Debug|x64
		{802D0233-1DC8-4577-A82C-D0155375393A}.Debug|x64.Build.0 = Debug|x64
		{802D0233-1DC8-4577-A82C-D0155375393A}.Debug|x86.ActiveCfg = Debug|x86
		{802D0233-1DC8-4577-A82C-D0155375393A}.Debug|x86.Build.0 = Debug|x86
		{802D0233-1DC8-4577-A82C-D0155375393A}.Release|Any CPU.ActiveCfg = Release|Any CPU
		{802D0233-1DC8-4577-A82C-D0155375393A}.Release|Any CPU.Build.0 = Release|Any CPU
		{802D0233-1DC8-4577-A82C-D0155375393A}.Release|Mixed Platforms.ActiveCfg = Release|x86
		{802D0233-1DC8-4577-A82C-D0155375393A}.Release|Mixed Platforms.Build.0 = Release|x86
		{802D0233-1DC8-4577-A82C-D0155375393A}.Release|x64.ActiveCfg = Release|x64
		{802D0233-1DC8-4577-A82C-D0155375393A}.Release|x64.Build.0 = Release|x64
		{802D0233-1DC8-4577-A82C-D0155375393A}.Release|x86.ActiveCfg = Release|x86
		{802D0233-1DC8-4577-A82C-D0155375393A}.Release|x86.Build.0 = Release|x86
		{BCB3306E-7BD9-4A57-97E5-165B7B84A3BA}.Debug|Any CPU.ActiveCfg = Debug|Any CPU
		{BCB3306E-7BD9-4A57-97E5-165B7B84A3BA}.Debug|Any CPU.Build.0 = Debug|Any CPU
		{BCB3306E-7BD9-4A57-97E5-165B7B84A3BA}.Debug|Mixed Platforms.ActiveCfg = Debug|x86
		{BCB3306E-7BD9-4A57-97E5-165B7B84A3BA}.Debug|Mixed Platforms.Build.0 = Debug|x86
		{BCB3306E-7BD9-4A57-97E5-165B7B84A3BA}.Debug|x64.ActiveCfg = Debug|x64
		{BCB3306E-7BD9-4A57-97E5-165B7B84A3BA}.Debug|x64.Build.0 = Debug|x64
		{BCB3306E-7BD9-4A57-97E5-165B7B84A3BA}.Debug|x86.ActiveCfg = Debug|x86
		{BCB3306E-7BD9-4A57-97E5-165B7B84A3BA}.Debug|x86.Build.0 = Debug|x86
		{BCB3306E-7BD9-4A57-97E5-165B7B84A3BA}.Release|Any CPU.ActiveCfg = Release|Any CPU
		{BCB3306E-7BD9-4A57-97E5-165B7B84A3BA}.Release|Any CPU.Build.0 = Release|Any CPU
		{BCB3306E-7BD9-4A57-97E5-165B7B84A3BA}.Release|Mixed Platforms.ActiveCfg = Release|x86
		{BCB3306E-7BD9-4A57-97E5-165B7B84A3BA}.Release|Mixed Platforms.Build.0 = Release|x86
		{BCB3306E-7BD9-4A57-97E5-165B7B84A3BA}.Release|x64.ActiveCfg = Release|x64
		{BCB3306E-7BD9-4A57-97E5-165B7B84A3BA}.Release|x64.Build.0 = Release|x64
		{BCB3306E-7BD9-4A57-97E5-165B7B84A3BA}.Release|x86.ActiveCfg = Release|x86
		{BCB3306E-7BD9-4A57-97E5-165B7B84A3BA}.Release|x86.Build.0 = Release|x86
		{27D1A5E6-06B9-4C89-917B-0F5C98CB5E1F}.Debug|Any CPU.ActiveCfg = Debug|Any CPU
		{27D1A5E6-06B9-4C89-917B-0F5C98CB5E1F}.Debug|Any CPU.Build.0 = Debug|Any CPU
		{27D1A5E6-06B9-4C89-917B-0F5C98CB5E1F}.Debug|Mixed Platforms.ActiveCfg = Debug|x86
		{27D1A5E6-06B9-4C89-917B-0F5C98CB5E1F}.Debug|Mixed Platforms.Build.0 = Debug|x86
		{27D1A5E6-06B9-4C89-917B-0F5C98CB5E1F}.Debug|x64.ActiveCfg = Debug|x64
		{27D1A5E6-06B9-4C89-917B-0F5C98CB5E1F}.Debug|x64.Build.0 = Debug|x64
		{27D1A5E6-06B9-4C89-917B-0F5C98CB5E1F}.Debug|x86.ActiveCfg = Debug|x86
		{27D1A5E6-06B9-4C89-917B-0F5C98CB5E1F}.Debug|x86.Build.0 = Debug|x86
		{27D1A5E6-06B9-4C89-917B-0F5C98CB5E1F}.Release|Any CPU.ActiveCfg = Release|Any CPU
		{27D1A5E6-06B9-4C89-917B-0F5C98CB5E1F}.Release|Any CPU.Build.0 = Release|Any CPU
		{27D1A5E6-06B9-4C89-917B-0F5C98CB5E1F}.Release|Mixed Platforms.ActiveCfg = Release|x86
		{27D1A5E6-06B9-4C89-917B-0F5C98CB5E1F}.Release|Mixed Platforms.Build.0 = Release|x86
		{27D1A5E6-06B9-4C89-917B-0F5C98CB5E1F}.Release|x64.ActiveCfg = Release|x64
		{27D1A5E6-06B9-4C89-917B-0F5C98CB5E1F}.Release|x64.Build.0 = Release|x64
		{27D1A5E6-06B9-4C89-917B-0F5C98CB5E1F}.Release|x86.ActiveCfg = Release|x86
		{27D1A5E6-06B9-4C89-917B-0F5C98CB5E1F}.Release|x86.Build.0 = Release|x86
		{767DCDA9-8DF7-40CD-82F4-42D25973C838}.Debug|Any CPU.ActiveCfg = Debug|Any CPU
		{767DCDA9-8DF7-40CD-82F4-42D25973C838}.Debug|Any CPU.Build.0 = Debug|Any CPU
		{767DCDA9-8DF7-40CD-82F4-42D25973C838}.Debug|Mixed Platforms.ActiveCfg = Debug|x86
		{767DCDA9-8DF7-40CD-82F4-42D25973C838}.Debug|Mixed Platforms.Build.0 = Debug|x86
		{767DCDA9-8DF7-40CD-82F4-42D25973C838}.Debug|x64.ActiveCfg = Debug|x64
		{767DCDA9-8DF7-40CD-82F4-42D25973C838}.Debug|x64.Build.0 = Debug|x64
		{767DCDA9-8DF7-40CD-82F4-42D25973C838}.Debug|x86.ActiveCfg = Debug|x86
		{767DCDA9-8DF7-40CD-82F4-42D25973C838}.Debug|x86.Build.0 = Debug|x86
		{767DCDA9-8DF7-40CD-82F4-42D25973C838}.Release|Any CPU.ActiveCfg = Release|Any CPU
		{767DCDA9-8DF7-40CD-82F4-42D25973C838}.Release|Any CPU.Build.0 = Release|Any CPU
		{767DCDA9-8DF7-40CD-82F4-42D25973C838}.Release|Mixed Platforms.ActiveCfg = Release|x86
		{767DCDA9-8DF7-40CD-82F4-42D25973C838}.Release|Mixed Platforms.Build.0 = Release|x86
		{767DCDA9-8DF7-40CD-82F4-42D25973C838}.Release|x64.ActiveCfg = Release|x64
		{767DCDA9-8DF7-40CD-82F4-42D25973C838}.Release|x64.Build.0 = Release|x64
		{767DCDA9-8DF7-40CD-82F4-42D25973C838}.Release|x86.ActiveCfg = Release|x86
		{767DCDA9-8DF7-40CD-82F4-42D25973C838}.Release|x86.Build.0 = Release|x86
		{C1A2A078-E5BF-43EA-BC46-6D1D0C776F3E}.Debug|Any CPU.ActiveCfg = Debug|Any CPU
		{C1A2A078-E5BF-43EA-BC46-6D1D0C776F3E}.Debug|Any CPU.Build.0 = Debug|Any CPU
		{C1A2A078-E5BF-43EA-BC46-6D1D0C776F3E}.Debug|Mixed Platforms.ActiveCfg = Debug|x86
		{C1A2A078-E5BF-43EA-BC46-6D1D0C776F3E}.Debug|Mixed Platforms.Build.0 = Debug|x86
		{C1A2A078-E5BF-43EA-BC46-6D1D0C776F3E}.Debug|x64.ActiveCfg = Debug|x64
		{C1A2A078-E5BF-43EA-BC46-6D1D0C776F3E}.Debug|x64.Build.0 = Debug|x64
		{C1A2A078-E5BF-43EA-BC46-6D1D0C776F3E}.Debug|x86.ActiveCfg = Debug|x86
		{C1A2A078-E5BF-43EA-BC46-6D1D0C776F3E}.Debug|x86.Build.0 = Debug|x86
		{C1A2A078-E5BF-43EA-BC46-6D1D0C776F3E}.Release|Any CPU.ActiveCfg = Release|Any CPU
		{C1A2A078-E5BF-43EA-BC46-6D1D0C776F3E}.Release|Any CPU.Build.0 = Release|Any CPU
		{C1A2A078-E5BF-43EA-BC46-6D1D0C776F3E}.Release|Mixed Platforms.ActiveCfg = Release|x86
		{C1A2A078-E5BF-43EA-BC46-6D1D0C776F3E}.Release|Mixed Platforms.Build.0 = Release|x86
		{C1A2A078-E5BF-43EA-BC46-6D1D0C776F3E}.Release|x64.ActiveCfg = Release|x64
		{C1A2A078-E5BF-43EA-BC46-6D1D0C776F3E}.Release|x64.Build.0 = Release|x64
		{C1A2A078-E5BF-43EA-BC46-6D1D0C776F3E}.Release|x86.ActiveCfg = Release|x86
		{C1A2A078-E5BF-43EA-BC46-6D1D0C776F3E}.Release|x86.Build.0 = Release|x86
		{5CC0461E-EE0F-446E-8D4B-C6BD612750E0}.Debug|Any CPU.ActiveCfg = Debug|Any CPU
		{5CC0461E-EE0F-446E-8D4B-C6BD612750E0}.Debug|Any CPU.Build.0 = Debug|Any CPU
		{5CC0461E-EE0F-446E-8D4B-C6BD612750E0}.Debug|Mixed Platforms.ActiveCfg = Debug|x86
		{5CC0461E-EE0F-446E-8D4B-C6BD612750E0}.Debug|Mixed Platforms.Build.0 = Debug|x86
		{5CC0461E-EE0F-446E-8D4B-C6BD612750E0}.Debug|x64.ActiveCfg = Debug|x64
		{5CC0461E-EE0F-446E-8D4B-C6BD612750E0}.Debug|x64.Build.0 = Debug|x64
		{5CC0461E-EE0F-446E-8D4B-C6BD612750E0}.Debug|x86.ActiveCfg = Debug|x86
		{5CC0461E-EE0F-446E-8D4B-C6BD612750E0}.Debug|x86.Build.0 = Debug|x86
		{5CC0461E-EE0F-446E-8D4B-C6BD612750E0}.Release|Any CPU.ActiveCfg = Release|Any CPU
		{5CC0461E-EE0F-446E-8D4B-C6BD612750E0}.Release|Any CPU.Build.0 = Release|Any CPU
		{5CC0461E-EE0F-446E-8D4B-C6BD612750E0}.Release|Mixed Platforms.ActiveCfg = Release|x86
		{5CC0461E-EE0F-446E-8D4B-C6BD612750E0}.Release|Mixed Platforms.Build.0 = Release|x86
		{5CC0461E-EE0F-446E-8D4B-C6BD612750E0}.Release|x64.ActiveCfg = Release|x64
		{5CC0461E-EE0F-446E-8D4B-C6BD612750E0}.Release|x64.Build.0 = Release|x64
		{5CC0461E-EE0F-446E-8D4B-C6BD612750E0}.Release|x86.ActiveCfg = Release|x86
		{5CC0461E-EE0F-446E-8D4B-C6BD612750E0}.Release|x86.Build.0 = Release|x86
		{65910645-21EB-4D86-A278-1E47FC58157E}.Debug|Any CPU.ActiveCfg = Debug|Any CPU
		{65910645-21EB-4D86-A278-1E47FC58157E}.Debug|Any CPU.Build.0 = Debug|Any CPU
		{65910645-21EB-4D86-A278-1E47FC58157E}.Debug|Mixed Platforms.ActiveCfg = Debug|x86
		{65910645-21EB-4D86-A278-1E47FC58157E}.Debug|Mixed Platforms.Build.0 = Debug|x86
		{65910645-21EB-4D86-A278-1E47FC58157E}.Debug|x64.ActiveCfg = Debug|x64
		{65910645-21EB-4D86-A278-1E47FC58157E}.Debug|x64.Build.0 = Debug|x64
		{65910645-21EB-4D86-A278-1E47FC58157E}.Debug|x86.ActiveCfg = Debug|x86
		{65910645-21EB-4D86-A278-1E47FC58157E}.Debug|x86.Build.0 = Debug|x86
		{65910645-21EB-4D86-A278-1E47FC58157E}.Release|Any CPU.ActiveCfg = Release|Any CPU
		{65910645-21EB-4D86-A278-1E47FC58157E}.Release|Any CPU.Build.0 = Release|Any CPU
		{65910645-21EB-4D86-A278-1E47FC58157E}.Release|Mixed Platforms.ActiveCfg = Release|x86
		{65910645-21EB-4D86-A278-1E47FC58157E}.Release|Mixed Platforms.Build.0 = Release|x86
		{65910645-21EB-4D86-A278-1E47FC58157E}.Release|x64.ActiveCfg = Release|x64
		{65910645-21EB-4D86-A278-1E47FC58157E}.Release|x64.Build.0 = Release|x64
		{65910645-21EB-4D86-A278-1E47FC58157E}.Release|x86.ActiveCfg = Release|x86
		{65910645-21EB-4D86-A278-1E47FC58157E}.Release|x86.Build.0 = Release|x86
		{83E913EC-7B5E-47EF-B669-B5BF7EC90F20}.Debug|Any CPU.ActiveCfg = Debug|Any CPU
		{83E913EC-7B5E-47EF-B669-B5BF7EC90F20}.Debug|Any CPU.Build.0 = Debug|Any CPU
		{83E913EC-7B5E-47EF-B669-B5BF7EC90F20}.Debug|Mixed Platforms.ActiveCfg = Debug|Any CPU
		{83E913EC-7B5E-47EF-B669-B5BF7EC90F20}.Debug|Mixed Platforms.Build.0 = Debug|Any CPU
		{83E913EC-7B5E-47EF-B669-B5BF7EC90F20}.Debug|x64.ActiveCfg = Debug|x64
		{83E913EC-7B5E-47EF-B669-B5BF7EC90F20}.Debug|x64.Build.0 = Debug|x64
		{83E913EC-7B5E-47EF-B669-B5BF7EC90F20}.Debug|x86.ActiveCfg = Debug|Any CPU
		{83E913EC-7B5E-47EF-B669-B5BF7EC90F20}.Release|Any CPU.ActiveCfg = Release|Any CPU
		{83E913EC-7B5E-47EF-B669-B5BF7EC90F20}.Release|Any CPU.Build.0 = Release|Any CPU
		{83E913EC-7B5E-47EF-B669-B5BF7EC90F20}.Release|Mixed Platforms.ActiveCfg = Release|Any CPU
		{83E913EC-7B5E-47EF-B669-B5BF7EC90F20}.Release|Mixed Platforms.Build.0 = Release|Any CPU
		{83E913EC-7B5E-47EF-B669-B5BF7EC90F20}.Release|x64.ActiveCfg = Release|x64
		{83E913EC-7B5E-47EF-B669-B5BF7EC90F20}.Release|x64.Build.0 = Release|x64
		{83E913EC-7B5E-47EF-B669-B5BF7EC90F20}.Release|x86.ActiveCfg = Release|x86
		{83E913EC-7B5E-47EF-B669-B5BF7EC90F20}.Release|x86.Build.0 = Release|x86
		{0EBB60ED-5850-4FA4-8D3E-F1109BD18044}.Debug|Any CPU.ActiveCfg = Debug|Any CPU
		{0EBB60ED-5850-4FA4-8D3E-F1109BD18044}.Debug|Any CPU.Build.0 = Debug|Any CPU
		{0EBB60ED-5850-4FA4-8D3E-F1109BD18044}.Debug|Mixed Platforms.ActiveCfg = Debug|Any CPU
		{0EBB60ED-5850-4FA4-8D3E-F1109BD18044}.Debug|Mixed Platforms.Build.0 = Debug|Any CPU
		{0EBB60ED-5850-4FA4-8D3E-F1109BD18044}.Debug|x64.ActiveCfg = Debug|Any CPU
		{0EBB60ED-5850-4FA4-8D3E-F1109BD18044}.Debug|x86.ActiveCfg = Debug|Any CPU
		{0EBB60ED-5850-4FA4-8D3E-F1109BD18044}.Release|Any CPU.ActiveCfg = Release|Any CPU
		{0EBB60ED-5850-4FA4-8D3E-F1109BD18044}.Release|Any CPU.Build.0 = Release|Any CPU
		{0EBB60ED-5850-4FA4-8D3E-F1109BD18044}.Release|Mixed Platforms.ActiveCfg = Release|Any CPU
		{0EBB60ED-5850-4FA4-8D3E-F1109BD18044}.Release|Mixed Platforms.Build.0 = Release|Any CPU
		{0EBB60ED-5850-4FA4-8D3E-F1109BD18044}.Release|x64.ActiveCfg = Release|x64
		{0EBB60ED-5850-4FA4-8D3E-F1109BD18044}.Release|x64.Build.0 = Release|x64
		{0EBB60ED-5850-4FA4-8D3E-F1109BD18044}.Release|x86.ActiveCfg = Release|x86
		{0EBB60ED-5850-4FA4-8D3E-F1109BD18044}.Release|x86.Build.0 = Release|x86
		{416A2FE3-3EA3-493C-BF50-781D9DF0C897}.Debug|Any CPU.ActiveCfg = Debug|Any CPU
		{416A2FE3-3EA3-493C-BF50-781D9DF0C897}.Debug|Any CPU.Build.0 = Debug|Any CPU
		{416A2FE3-3EA3-493C-BF50-781D9DF0C897}.Debug|Mixed Platforms.ActiveCfg = Debug|x86
		{416A2FE3-3EA3-493C-BF50-781D9DF0C897}.Debug|Mixed Platforms.Build.0 = Debug|x86
		{416A2FE3-3EA3-493C-BF50-781D9DF0C897}.Debug|x64.ActiveCfg = Debug|x64
		{416A2FE3-3EA3-493C-BF50-781D9DF0C897}.Debug|x64.Build.0 = Debug|x64
		{416A2FE3-3EA3-493C-BF50-781D9DF0C897}.Debug|x86.ActiveCfg = Debug|x86
		{416A2FE3-3EA3-493C-BF50-781D9DF0C897}.Debug|x86.Build.0 = Debug|x86
		{416A2FE3-3EA3-493C-BF50-781D9DF0C897}.Release|Any CPU.ActiveCfg = Release|Any CPU
		{416A2FE3-3EA3-493C-BF50-781D9DF0C897}.Release|Any CPU.Build.0 = Release|Any CPU
		{416A2FE3-3EA3-493C-BF50-781D9DF0C897}.Release|Mixed Platforms.ActiveCfg = Release|x86
		{416A2FE3-3EA3-493C-BF50-781D9DF0C897}.Release|Mixed Platforms.Build.0 = Release|x86
		{416A2FE3-3EA3-493C-BF50-781D9DF0C897}.Release|x64.ActiveCfg = Release|x64
		{416A2FE3-3EA3-493C-BF50-781D9DF0C897}.Release|x64.Build.0 = Release|x64
		{416A2FE3-3EA3-493C-BF50-781D9DF0C897}.Release|x86.ActiveCfg = Release|x86
		{416A2FE3-3EA3-493C-BF50-781D9DF0C897}.Release|x86.Build.0 = Release|x86
		{3B972E84-AB15-4E13-9BE9-6336A775BE1F}.Debug|Any CPU.ActiveCfg = Debug|Any CPU
		{3B972E84-AB15-4E13-9BE9-6336A775BE1F}.Debug|Any CPU.Build.0 = Debug|Any CPU
		{3B972E84-AB15-4E13-9BE9-6336A775BE1F}.Debug|Mixed Platforms.ActiveCfg = Debug|Any CPU
		{3B972E84-AB15-4E13-9BE9-6336A775BE1F}.Debug|Mixed Platforms.Build.0 = Debug|Any CPU
		{3B972E84-AB15-4E13-9BE9-6336A775BE1F}.Debug|x64.ActiveCfg = Debug|x64
		{3B972E84-AB15-4E13-9BE9-6336A775BE1F}.Debug|x64.Build.0 = Debug|x64
		{3B972E84-AB15-4E13-9BE9-6336A775BE1F}.Debug|x86.ActiveCfg = Debug|Any CPU
		{3B972E84-AB15-4E13-9BE9-6336A775BE1F}.Release|Any CPU.ActiveCfg = Release|Any CPU
		{3B972E84-AB15-4E13-9BE9-6336A775BE1F}.Release|Any CPU.Build.0 = Release|Any CPU
		{3B972E84-AB15-4E13-9BE9-6336A775BE1F}.Release|Mixed Platforms.ActiveCfg = Release|Any CPU
		{3B972E84-AB15-4E13-9BE9-6336A775BE1F}.Release|Mixed Platforms.Build.0 = Release|Any CPU
		{3B972E84-AB15-4E13-9BE9-6336A775BE1F}.Release|x64.ActiveCfg = Release|x64
		{3B972E84-AB15-4E13-9BE9-6336A775BE1F}.Release|x64.Build.0 = Release|x64
		{3B972E84-AB15-4E13-9BE9-6336A775BE1F}.Release|x86.ActiveCfg = Release|Any CPU
	EndGlobalSection
	GlobalSection(SolutionProperties) = preSolution
		HideSolutionNode = FALSE
	EndGlobalSection
EndGlobal
