
Microsoft Visual Studio Solution File, Format Version 12.00
# Visual Studio 2013
VisualStudioVersion = 12.0.40629.0
MinimumVisualStudioVersion = 10.0.40219.1
Project("{2150E333-8FDC-42A3-9474-1A3956D46DE8}") = "Solution Items", "Solution Items", "{73F8B6CB-8BBB-47B6-86C1-E8D39161657A}"
	ProjectSection(SolutionItems) = preProject
		AuthEngine.vsmdi = AuthEngine.vsmdi
		Local.testsettings = Local.testsettings
		TraceAndTestImpact.testsettings = TraceAndTestImpact.testsettings
	EndProjectSection
EndProject
Project("{FAE04EC0-301F-11D3-BF4B-00C04F79EFBC}") = "AuthGateway.Shared", "AuthGateway.Shared\AuthGateway.Shared.csproj", "{8BD1EB98-49E6-4AAE-B39D-E77062115D19}"
EndProject
Project("{FAE04EC0-301F-11D3-BF4B-00C04F79EFBC}") = "AuthGateway.AuthEngine", "AuthGateway.AuthEngine\AuthGateway.AuthEngine\AuthGateway.AuthEngine.csproj", "{6202827D-599A-4091-8F53-6A30780A3502}"
EndProject
Project("{FAE04EC0-301F-11D3-BF4B-00C04F79EFBC}") = "AuthGateway.CloudSMS", "AuthGateway.CloudSMS\AuthGateway.CloudSMS\AuthGateway.CloudSMS.csproj", "{C0EBE19F-5D73-444B-A517-A99C35D1FF2A}"
EndProject
Project("{FAE04EC0-301F-11D3-BF4B-00C04F79EFBC}") = "AuthGateway.Shared.Unittest", "AuthGateway.Shared.Unittest\AuthGateway.Shared.Unittest.csproj", "{7B04BA1B-B766-4CE6-8E47-0FCAE4D7D373}"
EndProject
Project("{FAE04EC0-301F-11D3-BF4B-00C04F79EFBC}") = "AuthGateway.AuthEngine.Unittest", "AuthGateway.AuthEngine.Unittest\AuthGateway.AuthEngine.Unittest.csproj", "{F084B324-9A4C-48C2-AAEE-5C9E74B32D06}"
	ProjectSection(ProjectDependencies) = postProject
		{27D1A5E6-06B9-4C89-917B-0F5C98CB5E1F} = {27D1A5E6-06B9-4C89-917B-0F5C98CB5E1F}
	EndProjectSection
EndProject
Project("{FAE04EC0-301F-11D3-BF4B-00C04F79EFBC}") = "AuthGateway.CloudSMS.Unittest", "AuthGateway.CloudSMS.Unittest\AuthGateway.CloudSMS.Unittest.csproj", "{D2634967-519F-4349-9EF5-A824C1072ED6}"
EndProject
Project("{FAE04EC0-301F-11D3-BF4B-00C04F79EFBC}") = "AuthGateway.Shared.XmlMessages", "AuthGateway.Shared.XmlMessages\AuthGateway.Shared.XmlMessages.csproj", "{4F1A4F40-5796-4108-B3B4-C35F7119189C}"
EndProject
Project("{FAE04EC0-301F-11D3-BF4B-00C04F79EFBC}") = "AuthGateway.LicenseCreator", "AuthGateway.LicenseCreator\AuthGateway.LicenseCreator.csproj", "{2FA709E0-1091-43C2-82DE-1A4CB079255A}"
EndProject
Project("{FAE04EC0-301F-11D3-BF4B-00C04F79EFBC}") = "AuthGateway.AuthEngine.Logic", "AuthGateway.AuthEngine.Logic\AuthGateway.AuthEngine.Logic.csproj", "{03B9C2F9-E62D-4E6E-96AD-5599046C97BF}"
EndProject
Project("{FAE04EC0-301F-11D3-BF4B-00C04F79EFBC}") = "AuthGateway.GUIClient", "AuthGateway.GUIClient\AuthGateway.GUIClient.csproj", "{DFFA6C17-E4E1-4056-9344-67C54EA5CBF0}"
EndProject
Project("{FAE04EC0-301F-11D3-BF4B-00C04F79EFBC}") = "Ias.RADIUS.CSharp", "..\othercode\Ias.RADIUS.CSharp\Ias.RADIUS.CSharp.csproj", "{6E6A8C0D-E428-4EB3-A9D5-53021B862079}"
EndProject
Project("{FAE04EC0-301F-11D3-BF4B-00C04F79EFBC}") = "Ias.RADIUS.CSharp.Unittest", "..\othercode\Ias.RADIUS.CSharp\Ias.RADIUS.CSharp.Unittest\Ias.RADIUS.CSharp.Unittest.csproj", "{62FE630F-2923-428D-BC85-F54099C11727}"
EndProject
Project("{FAE04EC0-301F-11D3-BF4B-00C04F79EFBC}") = "AuthGateway.Shared.Client", "AuthGateway.Shared.Client\AuthGateway.Shared.Client.csproj", "{D86AB142-3302-48E8-A967-7B0F31058EF6}"
EndProject
Project("{FAE04EC0-301F-11D3-BF4B-00C04F79EFBC}") = "AuthGateway.Wix.ServiceConfig", "..\AuthGateway.Setup\AuthGateway.Wix.ServiceConfig\AuthGateway.Wix.ServiceConfig.csproj", "{F0FE43E2-82A0-4913-AFF3-37DDD16C896E}"
EndProject
Project("{FAE04EC0-301F-11D3-BF4B-00C04F79EFBC}") = "AuthGateway.AdminGUI", "AuthGateway.AdminGUI\AuthGateway.AdminGUI.csproj", "{BCB3306E-7BD9-4A57-97E5-165B7B84A3BA}"
EndProject
Project("{FAE04EC0-301F-11D3-BF4B-00C04F79EFBC}") = "AuthGateway.CmdClient", "AuthGateway.CmdClient\AuthGateway.CmdClient.csproj", "{65910645-21EB-4D86-A278-1E47FC58157E}"
EndProject
Project("{FAE04EC0-301F-11D3-BF4B-00C04F79EFBC}") = "AuthGateway.OATH", "AuthGateway.OATH\AuthGateway.OATH.csproj", "{767DCDA9-8DF7-40CD-82F4-42D25973C838}"
	ProjectSection(ProjectDependencies) = postProject
		{27D1A5E6-06B9-4C89-917B-0F5C98CB5E1F} = {27D1A5E6-06B9-4C89-917B-0F5C98CB5E1F}
	EndProjectSection
EndProject
Project("{FAE04EC0-301F-11D3-BF4B-00C04F79EFBC}") = "AuthGateway.OATH.XmlProcessor", "AuthGateway.OATH.XmlProcessor\AuthGateway.OATH.XmlProcessor.csproj", "{27D1A5E6-06B9-4C89-917B-0F5C98CB5E1F}"
EndProject
Project("{FAE04EC0-301F-11D3-BF4B-00C04F79EFBC}") = "AuthGateway.OATH.Unittest", "AuthGateway.OATH.Unittest\AuthGateway.OATH.Unittest.csproj", "{78E7586D-EDA6-4A57-9432-4D9F2602C2CE}"
EndProject
Project("{FAE04EC0-301F-11D3-BF4B-00C04F79EFBC}") = "AuthGateway.Tester", "AuthGateway.Tester\AuthGateway.Tester.csproj", "{5B4476A7-1432-451C-848F-7D62DA4F49D2}"
EndProject
Project("{FAE04EC0-301F-11D3-BF4B-00C04F79EFBC}") = "AuthGateway.Util", "AuthGateway.Util\AuthGateway.Util.csproj", "{416A2FE3-3EA3-493C-BF50-781D9DF0C897}"
EndProject
Project("{FAE04EC0-301F-11D3-BF4B-00C04F79EFBC}") = "AuthGateway.AuthEngine.Cmd", "AuthGateway.AuthEngine.Cmd\AuthGateway.AuthEngine.Cmd.csproj", "{91116AED-D916-47FF-8232-3B9F14525E55}"
EndProject
Project("{FAE04EC0-301F-11D3-BF4B-00C04F79EFBC}") = "AuthGateway.MutualAuthImages", "AuthGateway.MutualAuthImages\AuthGateway.MutualAuthImages\AuthGateway.MutualAuthImages.csproj", "{3B972E84-AB15-4E13-9BE9-6336A775BE1F}"
EndProject
Global
	GlobalSection(SolutionConfigurationPlatforms) = preSolution
		Debug|Any CPU = Debug|Any CPU
		Debug|Mixed Platforms = Debug|Mixed Platforms
		Debug|x64 = Debug|x64
		Debug|x86 = Debug|x86
		Release|Any CPU = Release|Any CPU
		Release|Mixed Platforms = Release|Mixed Platforms
		Release|x64 = Release|x64
		Release|x86 = Release|x86
	EndGlobalSection
	GlobalSection(ProjectConfigurationPlatforms) = postSolution
		{8BD1EB98-49E6-4AAE-B39D-E77062115D19}.Debug|Any CPU.ActiveCfg = Debug|Any CPU
		{8BD1EB98-49E6-4AAE-B39D-E77062115D19}.Debug|Any CPU.Build.0 = Debug|Any CPU
		{8BD1EB98-49E6-4AAE-B39D-E77062115D19}.Debug|Mixed Platforms.ActiveCfg = Debug|x86
		{8BD1EB98-49E6-4AAE-B39D-E77062115D19}.Debug|Mixed Platforms.Build.0 = Debug|x86
		{8BD1EB98-49E6-4AAE-B39D-E77062115D19}.Debug|x64.ActiveCfg = Debug|x64
		{8BD1EB98-49E6-4AAE-B39D-E77062115D19}.Debug|x64.Build.0 = Debug|x64
		{8BD1EB98-49E6-4AAE-B39D-E77062115D19}.Debug|x86.ActiveCfg = Debug|x86
		{8BD1EB98-49E6-4AAE-B39D-E77062115D19}.Debug|x86.Build.0 = Debug|x86
		{8BD1EB98-49E6-4AAE-B39D-E77062115D19}.Release|Any CPU.ActiveCfg = Release|Any CPU
		{8BD1EB98-49E6-4AAE-B39D-E77062115D19}.Release|Any CPU.Build.0 = Release|Any CPU
		{8BD1EB98-49E6-4AAE-B39D-E77062115D19}.Release|Mixed Platforms.ActiveCfg = Release|x86
		{8BD1EB98-49E6-4AAE-B39D-E77062115D19}.Release|Mixed Platforms.Build.0 = Release|x86
		{8BD1EB98-49E6-4AAE-B39D-E77062115D19}.Release|x64.ActiveCfg = Release|x64
		{8BD1EB98-49E6-4AAE-B39D-E77062115D19}.Release|x64.Build.0 = Release|x64
		{8BD1EB98-49E6-4AAE-B39D-E77062115D19}.Release|x86.ActiveCfg = Release|x86
		{8BD1EB98-49E6-4AAE-B39D-E77062115D19}.Release|x86.Build.0 = Release|x86
		{6202827D-599A-4091-8F53-6A30780A3502}.Debug|Any CPU.ActiveCfg = Debug|Any CPU
		{6202827D-599A-4091-8F53-6A30780A3502}.Debug|Any CPU.Build.0 = Debug|Any CPU
		{6202827D-599A-4091-8F53-6A30780A3502}.Debug|Mixed Platforms.ActiveCfg = Debug|x86
		{6202827D-599A-4091-8F53-6A30780A3502}.Debug|Mixed Platforms.Build.0 = Debug|x86
		{6202827D-599A-4091-8F53-6A30780A3502}.Debug|x64.ActiveCfg = Debug|x64
		{6202827D-599A-4091-8F53-6A30780A3502}.Debug|x64.Build.0 = Debug|x64
		{6202827D-599A-4091-8F53-6A30780A3502}.Debug|x86.ActiveCfg = Debug|x86
		{6202827D-599A-4091-8F53-6A30780A3502}.Debug|x86.Build.0 = Debug|x86
		{6202827D-599A-4091-8F53-6A30780A3502}.Release|Any CPU.ActiveCfg = Release|Any CPU
		{6202827D-599A-4091-8F53-6A30780A3502}.Release|Any CPU.Build.0 = Release|Any CPU
		{6202827D-599A-4091-8F53-6A30780A3502}.Release|Mixed Platforms.ActiveCfg = Release|x86
		{6202827D-599A-4091-8F53-6A30780A3502}.Release|Mixed Platforms.Build.0 = Release|x86
		{6202827D-599A-4091-8F53-6A30780A3502}.Release|x64.ActiveCfg = Release|x64
		{6202827D-599A-4091-8F53-6A30780A3502}.Release|x64.Build.0 = Release|x64
		{6202827D-599A-4091-8F53-6A30780A3502}.Release|x86.ActiveCfg = Release|x86
		{6202827D-599A-4091-8F53-6A30780A3502}.Release|x86.Build.0 = Release|x86
		{C0EBE19F-5D73-444B-A517-A99C35D1FF2A}.Debug|Any CPU.ActiveCfg = Debug|Any CPU
		{C0EBE19F-5D73-444B-A517-A99C35D1FF2A}.Debug|Any CPU.Build.0 = Debug|Any CPU
		{C0EBE19F-5D73-444B-A517-A99C35D1FF2A}.Debug|Mixed Platforms.ActiveCfg = Debug|x86
		{C0EBE19F-5D73-444B-A517-A99C35D1FF2A}.Debug|Mixed Platforms.Build.0 = Debug|x86
		{C0EBE19F-5D73-444B-A517-A99C35D1FF2A}.Debug|x64.ActiveCfg = Debug|x64
		{C0EBE19F-5D73-444B-A517-A99C35D1FF2A}.Debug|x64.Build.0 = Debug|x64
		{C0EBE19F-5D73-444B-A517-A99C35D1FF2A}.Debug|x86.ActiveCfg = Debug|x86
		{C0EBE19F-5D73-444B-A517-A99C35D1FF2A}.Debug|x86.Build.0 = Debug|x86
		{C0EBE19F-5D73-444B-A517-A99C35D1FF2A}.Release|Any CPU.ActiveCfg = Release|Any CPU
		{C0EBE19F-5D73-444B-A517-A99C35D1FF2A}.Release|Any CPU.Build.0 = Release|Any CPU
		{C0EBE19F-5D73-444B-A517-A99C35D1FF2A}.Release|Mixed Platforms.ActiveCfg = Release|x86
		{C0EBE19F-5D73-444B-A517-A99C35D1FF2A}.Release|Mixed Platforms.Build.0 = Release|x86
		{C0EBE19F-5D73-444B-A517-A99C35D1FF2A}.Release|x64.ActiveCfg = Release|x64
		{C0EBE19F-5D73-444B-A517-A99C35D1FF2A}.Release|x64.Build.0 = Release|x64
		{C0EBE19F-5D73-444B-A517-A99C35D1FF2A}.Release|x86.ActiveCfg = Release|x86
		{C0EBE19F-5D73-444B-A517-A99C35D1FF2A}.Release|x86.Build.0 = Release|x86
		{7B04BA1B-B766-4CE6-8E47-0FCAE4D7D373}.Debug|Any CPU.ActiveCfg = Debug|Any CPU
		{7B04BA1B-B766-4CE6-8E47-0FCAE4D7D373}.Debug|Any CPU.Build.0 = Debug|Any CPU
		{7B04BA1B-B766-4CE6-8E47-0FCAE4D7D373}.Debug|Mixed Platforms.ActiveCfg = Debug|x86
		{7B04BA1B-B766-4CE6-8E47-0FCAE4D7D373}.Debug|Mixed Platforms.Build.0 = Debug|x86
		{7B04BA1B-B766-4CE6-8E47-0FCAE4D7D373}.Debug|x64.ActiveCfg = Debug|x64
		{7B04BA1B-B766-4CE6-8E47-0FCAE4D7D373}.Debug|x64.Build.0 = Debug|x64
		{7B04BA1B-B766-4CE6-8E47-0FCAE4D7D373}.Debug|x86.ActiveCfg = Debug|x86
		{7B04BA1B-B766-4CE6-8E47-0FCAE4D7D373}.Debug|x86.Build.0 = Debug|x86
		{7B04BA1B-B766-4CE6-8E47-0FCAE4D7D373}.Release|Any CPU.ActiveCfg = Release|Any CPU
		{7B04BA1B-B766-4CE6-8E47-0FCAE4D7D373}.Release|Any CPU.Build.0 = Release|Any CPU
		{7B04BA1B-B766-4CE6-8E47-0FCAE4D7D373}.Release|Mixed Platforms.ActiveCfg = Release|x86
		{7B04BA1B-B766-4CE6-8E47-0FCAE4D7D373}.Release|Mixed Platforms.Build.0 = Release|x86
		{7B04BA1B-B766-4CE6-8E47-0FCAE4D7D373}.Release|x64.ActiveCfg = Release|x64
		{7B04BA1B-B766-4CE6-8E47-0FCAE4D7D373}.Release|x64.Build.0 = Release|x64
		{7B04BA1B-B766-4CE6-8E47-0FCAE4D7D373}.Release|x86.ActiveCfg = Release|x86
		{7B04BA1B-B766-4CE6-8E47-0FCAE4D7D373}.Release|x86.Build.0 = Release|x86
		{F084B324-9A4C-48C2-AAEE-5C9E74B32D06}.Debug|Any CPU.ActiveCfg = Debug|Any CPU
		{F084B324-9A4C-48C2-AAEE-5C9E74B32D06}.Debug|Any CPU.Build.0 = Debug|Any CPU
		{F084B324-9A4C-48C2-AAEE-5C9E74B32D06}.Debug|Mixed Platforms.ActiveCfg = Debug|x86
		{F084B324-9A4C-48C2-AAEE-5C9E74B32D06}.Debug|Mixed Platforms.Build.0 = Debug|x86
		{F084B324-9A4C-48C2-AAEE-5C9E74B32D06}.Debug|x64.ActiveCfg = Debug|x64
		{F084B324-9A4C-48C2-AAEE-5C9E74B32D06}.Debug|x64.Build.0 = Debug|x64
		{F084B324-9A4C-48C2-AAEE-5C9E74B32D06}.Debug|x86.ActiveCfg = Debug|x86
		{F084B324-9A4C-48C2-AAEE-5C9E74B32D06}.Debug|x86.Build.0 = Debug|x86
		{F084B324-9A4C-48C2-AAEE-5C9E74B32D06}.Release|Any CPU.ActiveCfg = Release|Any CPU
		{F084B324-9A4C-48C2-AAEE-5C9E74B32D06}.Release|Any CPU.Build.0 = Release|Any CPU
		{F084B324-9A4C-48C2-AAEE-5C9E74B32D06}.Release|Mixed Platforms.ActiveCfg = Release|x86
		{F084B324-9A4C-48C2-AAEE-5C9E74B32D06}.Release|Mixed Platforms.Build.0 = Release|x86
		{F084B324-9A4C-48C2-AAEE-5C9E74B32D06}.Release|x64.ActiveCfg = Release|x64
		{F084B324-9A4C-48C2-AAEE-5C9E74B32D06}.Release|x64.Build.0 = Release|x64
		{F084B324-9A4C-48C2-AAEE-5C9E74B32D06}.Release|x86.ActiveCfg = Release|x86
		{F084B324-9A4C-48C2-AAEE-5C9E74B32D06}.Release|x86.Build.0 = Release|x86
		{D2634967-519F-4349-9EF5-A824C1072ED6}.Debug|Any CPU.ActiveCfg = Debug|Any CPU
		{D2634967-519F-4349-9EF5-A824C1072ED6}.Debug|Any CPU.Build.0 = Debug|Any CPU
		{D2634967-519F-4349-9EF5-A824C1072ED6}.Debug|Mixed Platforms.ActiveCfg = Debug|x86
		{D2634967-519F-4349-9EF5-A824C1072ED6}.Debug|Mixed Platforms.Build.0 = Debug|x86
		{D2634967-519F-4349-9EF5-A824C1072ED6}.Debug|x64.ActiveCfg = Debug|x64
		{D2634967-519F-4349-9EF5-A824C1072ED6}.Debug|x64.Build.0 = Debug|x64
		{D2634967-519F-4349-9EF5-A824C1072ED6}.Debug|x86.ActiveCfg = Debug|x86
		{D2634967-519F-4349-9EF5-A824C1072ED6}.Debug|x86.Build.0 = Debug|x86
		{D2634967-519F-4349-9EF5-A824C1072ED6}.Release|Any CPU.ActiveCfg = Release|Any CPU
		{D2634967-519F-4349-9EF5-A824C1072ED6}.Release|Any CPU.Build.0 = Release|Any CPU
		{D2634967-519F-4349-9EF5-A824C1072ED6}.Release|Mixed Platforms.ActiveCfg = Release|x86
		{D2634967-519F-4349-9EF5-A824C1072ED6}.Release|Mixed Platforms.Build.0 = Release|x86
		{D2634967-519F-4349-9EF5-A824C1072ED6}.Release|x64.ActiveCfg = Release|x64
		{D2634967-519F-4349-9EF5-A824C1072ED6}.Release|x64.Build.0 = Release|x64
		{D2634967-519F-4349-9EF5-A824C1072ED6}.Release|x86.ActiveCfg = Release|x86
		{D2634967-519F-4349-9EF5-A824C1072ED6}.Release|x86.Build.0 = Release|x86
		{4F1A4F40-5796-4108-B3B4-C35F7119189C}.Debug|Any CPU.ActiveCfg = Debug|Any CPU
		{4F1A4F40-5796-4108-B3B4-C35F7119189C}.Debug|Any CPU.Build.0 = Debug|Any CPU
		{4F1A4F40-5796-4108-B3B4-C35F7119189C}.Debug|Mixed Platforms.ActiveCfg = Debug|x86
		{4F1A4F40-5796-4108-B3B4-C35F7119189C}.Debug|Mixed Platforms.Build.0 = Debug|x86
		{4F1A4F40-5796-4108-B3B4-C35F7119189C}.Debug|x64.ActiveCfg = Debug|x64
		{4F1A4F40-5796-4108-B3B4-C35F7119189C}.Debug|x64.Build.0 = Debug|x64
		{4F1A4F40-5796-4108-B3B4-C35F7119189C}.Debug|x86.ActiveCfg = Debug|x86
		{4F1A4F40-5796-4108-B3B4-C35F7119189C}.Debug|x86.Build.0 = Debug|x86
		{4F1A4F40-5796-4108-B3B4-C35F7119189C}.Release|Any CPU.ActiveCfg = Release|Any CPU
		{4F1A4F40-5796-4108-B3B4-C35F7119189C}.Release|Any CPU.Build.0 = Release|Any CPU
		{4F1A4F40-5796-4108-B3B4-C35F7119189C}.Release|Mixed Platforms.ActiveCfg = Release|x86
		{4F1A4F40-5796-4108-B3B4-C35F7119189C}.Release|Mixed Platforms.Build.0 = Release|x86
		{4F1A4F40-5796-4108-B3B4-C35F7119189C}.Release|x64.ActiveCfg = Release|x64
		{4F1A4F40-5796-4108-B3B4-C35F7119189C}.Release|x64.Build.0 = Release|x64
		{4F1A4F40-5796-4108-B3B4-C35F7119189C}.Release|x86.ActiveCfg = Release|x86
		{4F1A4F40-5796-4108-B3B4-C35F7119189C}.Release|x86.Build.0 = Release|x86
		{2FA709E0-1091-43C2-82DE-1A4CB079255A}.Debug|Any CPU.ActiveCfg = Debug|Any CPU
		{2FA709E0-1091-43C2-82DE-1A4CB079255A}.Debug|Any CPU.Build.0 = Debug|Any CPU
		{2FA709E0-1091-43C2-82DE-1A4CB079255A}.Debug|Mixed Platforms.ActiveCfg = Debug|x86
		{2FA709E0-1091-43C2-82DE-1A4CB079255A}.Debug|Mixed Platforms.Build.0 = Debug|x86
		{2FA709E0-1091-43C2-82DE-1A4CB079255A}.Debug|x64.ActiveCfg = Debug|x64
		{2FA709E0-1091-43C2-82DE-1A4CB079255A}.Debug|x64.Build.0 = Debug|x64
		{2FA709E0-1091-43C2-82DE-1A4CB079255A}.Debug|x86.ActiveCfg = Debug|x86
		{2FA709E0-1091-43C2-82DE-1A4CB079255A}.Debug|x86.Build.0 = Debug|x86
		{2FA709E0-1091-43C2-82DE-1A4CB079255A}.Release|Any CPU.ActiveCfg = Release|Any CPU
		{2FA709E0-1091-43C2-82DE-1A4CB079255A}.Release|Any CPU.Build.0 = Release|Any CPU
		{2FA709E0-1091-43C2-82DE-1A4CB079255A}.Release|Mixed Platforms.ActiveCfg = Release|x86
		{2FA709E0-1091-43C2-82DE-1A4CB079255A}.Release|Mixed Platforms.Build.0 = Release|x86
		{2FA709E0-1091-43C2-82DE-1A4CB079255A}.Release|x64.ActiveCfg = Release|x64
		{2FA709E0-1091-43C2-82DE-1A4CB079255A}.Release|x64.Build.0 = Release|x64
		{2FA709E0-1091-43C2-82DE-1A4CB079255A}.Release|x86.ActiveCfg = Release|x86
		{2FA709E0-1091-43C2-82DE-1A4CB079255A}.Release|x86.Build.0 = Release|x86
		{03B9C2F9-E62D-4E6E-96AD-5599046C97BF}.Debug|Any CPU.ActiveCfg = Debug|Any CPU
		{03B9C2F9-E62D-4E6E-96AD-5599046C97BF}.Debug|Any CPU.Build.0 = Debug|Any CPU
		{03B9C2F9-E62D-4E6E-96AD-5599046C97BF}.Debug|Mixed Platforms.ActiveCfg = Debug|x86
		{03B9C2F9-E62D-4E6E-96AD-5599046C97BF}.Debug|Mixed Platforms.Build.0 = Debug|x86
		{03B9C2F9-E62D-4E6E-96AD-5599046C97BF}.Debug|x64.ActiveCfg = Debug|x64
		{03B9C2F9-E62D-4E6E-96AD-5599046C97BF}.Debug|x64.Build.0 = Debug|x64
		{03B9C2F9-E62D-4E6E-96AD-5599046C97BF}.Debug|x86.ActiveCfg = Debug|x86
		{03B9C2F9-E62D-4E6E-96AD-5599046C97BF}.Debug|x86.Build.0 = Debug|x86
		{03B9C2F9-E62D-4E6E-96AD-5599046C97BF}.Release|Any CPU.ActiveCfg = Release|Any CPU
		{03B9C2F9-E62D-4E6E-96AD-5599046C97BF}.Release|Any CPU.Build.0 = Release|Any CPU
		{03B9C2F9-E62D-4E6E-96AD-5599046C97BF}.Release|Mixed Platforms.ActiveCfg = Release|x86
		{03B9C2F9-E62D-4E6E-96AD-5599046C97BF}.Release|Mixed Platforms.Build.0 = Release|x86
		{03B9C2F9-E62D-4E6E-96AD-5599046C97BF}.Release|x64.ActiveCfg = Release|x64
		{03B9C2F9-E62D-4E6E-96AD-5599046C97BF}.Release|x64.Build.0 = Release|x64
		{03B9C2F9-E62D-4E6E-96AD-5599046C97BF}.Release|x86.ActiveCfg = Release|x86
		{03B9C2F9-E62D-4E6E-96AD-5599046C97BF}.Release|x86.Build.0 = Release|x86
		{DFFA6C17-E4E1-4056-9344-67C54EA5CBF0}.Debug|Any CPU.ActiveCfg = Debug|Any CPU
		{DFFA6C17-E4E1-4056-9344-67C54EA5CBF0}.Debug|Any CPU.Build.0 = Debug|Any CPU
		{DFFA6C17-E4E1-4056-9344-67C54EA5CBF0}.Debug|Mixed Platforms.ActiveCfg = Debug|x86
		{DFFA6C17-E4E1-4056-9344-67C54EA5CBF0}.Debug|Mixed Platforms.Build.0 = Debug|x86
		{DFFA6C17-E4E1-4056-9344-67C54EA5CBF0}.Debug|x64.ActiveCfg = Debug|x64
		{DFFA6C17-E4E1-4056-9344-67C54EA5CBF0}.Debug|x64.Build.0 = Debug|x64
		{DFFA6C17-E4E1-4056-9344-67C54EA5CBF0}.Debug|x86.ActiveCfg = Debug|x86
		{DFFA6C17-E4E1-4056-9344-67C54EA5CBF0}.Debug|x86.Build.0 = Debug|x86
		{DFFA6C17-E4E1-4056-9344-67C54EA5CBF0}.Release|Any CPU.ActiveCfg = Release|Any CPU
		{DFFA6C17-E4E1-4056-9344-67C54EA5CBF0}.Release|Any CPU.Build.0 = Release|Any CPU
		{DFFA6C17-E4E1-4056-9344-67C54EA5CBF0}.Release|Mixed Platforms.ActiveCfg = Release|x86
		{DFFA6C17-E4E1-4056-9344-67C54EA5CBF0}.Release|Mixed Platforms.Build.0 = Release|x86
		{DFFA6C17-E4E1-4056-9344-67C54EA5CBF0}.Release|x64.ActiveCfg = Release|x64
		{DFFA6C17-E4E1-4056-9344-67C54EA5CBF0}.Release|x64.Build.0 = Release|x64
		{DFFA6C17-E4E1-4056-9344-67C54EA5CBF0}.Release|x86.ActiveCfg = Release|x86
		{DFFA6C17-E4E1-4056-9344-67C54EA5CBF0}.Release|x86.Build.0 = Release|x86
		{6E6A8C0D-E428-4EB3-A9D5-53021B862079}.Debug|Any CPU.ActiveCfg = Debug|Any CPU
		{6E6A8C0D-E428-4EB3-A9D5-53021B862079}.Debug|Any CPU.Build.0 = Debug|Any CPU
		{6E6A8C0D-E428-4EB3-A9D5-53021B862079}.Debug|Mixed Platforms.ActiveCfg = Debug|x86
		{6E6A8C0D-E428-4EB3-A9D5-53021B862079}.Debug|Mixed Platforms.Build.0 = Debug|x86
		{6E6A8C0D-E428-4EB3-A9D5-53021B862079}.Debug|x64.ActiveCfg = Debug|x64
		{6E6A8C0D-E428-4EB3-A9D5-53021B862079}.Debug|x64.Build.0 = Debug|x64
		{6E6A8C0D-E428-4EB3-A9D5-53021B862079}.Debug|x86.ActiveCfg = Debug|x86
		{6E6A8C0D-E428-4EB3-A9D5-53021B862079}.Debug|x86.Build.0 = Debug|x86
		{6E6A8C0D-E428-4EB3-A9D5-53021B862079}.Release|Any CPU.ActiveCfg = Release|Any CPU
		{6E6A8C0D-E428-4EB3-A9D5-53021B862079}.Release|Any CPU.Build.0 = Release|Any CPU
		{6E6A8C0D-E428-4EB3-A9D5-53021B862079}.Release|Mixed Platforms.ActiveCfg = Release|x86
		{6E6A8C0D-E428-4EB3-A9D5-53021B862079}.Release|Mixed Platforms.Build.0 = Release|x86
		{6E6A8C0D-E428-4EB3-A9D5-53021B862079}.Release|x64.ActiveCfg = Release|x64
		{6E6A8C0D-E428-4EB3-A9D5-53021B862079}.Release|x64.Build.0 = Release|x64
		{6E6A8C0D-E428-4EB3-A9D5-53021B862079}.Release|x86.ActiveCfg = Release|x86
		{6E6A8C0D-E428-4EB3-A9D5-53021B862079}.Release|x86.Build.0 = Release|x86
		{62FE630F-2923-428D-BC85-F54099C11727}.Debug|Any CPU.ActiveCfg = Debug|Any CPU
		{62FE630F-2923-428D-BC85-F54099C11727}.Debug|Any CPU.Build.0 = Debug|Any CPU
		{62FE630F-2923-428D-BC85-F54099C11727}.Debug|Mixed Platforms.ActiveCfg = Debug|x86
		{62FE630F-2923-428D-BC85-F54099C11727}.Debug|Mixed Platforms.Build.0 = Debug|x86
		{62FE630F-2923-428D-BC85-F54099C11727}.Debug|x64.ActiveCfg = Debug|x64
		{62FE630F-2923-428D-BC85-F54099C11727}.Debug|x64.Build.0 = Debug|x64
		{62FE630F-2923-428D-BC85-F54099C11727}.Debug|x86.ActiveCfg = Debug|x86
		{62FE630F-2923-428D-BC85-F54099C11727}.Debug|x86.Build.0 = Debug|x86
		{62FE630F-2923-428D-BC85-F54099C11727}.Release|Any CPU.ActiveCfg = Release|Any CPU
		{62FE630F-2923-428D-BC85-F54099C11727}.Release|Any CPU.Build.0 = Release|Any CPU
		{62FE630F-2923-428D-BC85-F54099C11727}.Release|Mixed Platforms.ActiveCfg = Release|x86
		{62FE630F-2923-428D-BC85-F54099C11727}.Release|Mixed Platforms.Build.0 = Release|x86
		{62FE630F-2923-428D-BC85-F54099C11727}.Release|x64.ActiveCfg = Release|x64
		{62FE630F-2923-428D-BC85-F54099C11727}.Release|x64.Build.0 = Release|x64
		{62FE630F-2923-428D-BC85-F54099C11727}.Release|x86.ActiveCfg = Release|x86
		{62FE630F-2923-428D-BC85-F54099C11727}.Release|x86.Build.0 = Release|x86
		{D86AB142-3302-48E8-A967-7B0F31058EF6}.Debug|Any CPU.ActiveCfg = Debug|Any CPU
		{D86AB142-3302-48E8-A967-7B0F31058EF6}.Debug|Any CPU.Build.0 = Debug|Any CPU
		{D86AB142-3302-48E8-A967-7B0F31058EF6}.Debug|Mixed Platforms.ActiveCfg = Debug|x86
		{D86AB142-3302-48E8-A967-7B0F31058EF6}.Debug|Mixed Platforms.Build.0 = Debug|x86
		{D86AB142-3302-48E8-A967-7B0F31058EF6}.Debug|x64.ActiveCfg = Debug|x64
		{D86AB142-3302-48E8-A967-7B0F31058EF6}.Debug|x64.Build.0 = Debug|x64
		{D86AB142-3302-48E8-A967-7B0F31058EF6}.Debug|x86.ActiveCfg = Debug|x86
		{D86AB142-3302-48E8-A967-7B0F31058EF6}.Debug|x86.Build.0 = Debug|x86
		{D86AB142-3302-48E8-A967-7B0F31058EF6}.Release|Any CPU.ActiveCfg = Release|Any CPU
		{D86AB142-3302-48E8-A967-7B0F31058EF6}.Release|Any CPU.Build.0 = Release|Any CPU
		{D86AB142-3302-48E8-A967-7B0F31058EF6}.Release|Mixed Platforms.ActiveCfg = Release|x86
		{D86AB142-3302-48E8-A967-7B0F31058EF6}.Release|Mixed Platforms.Build.0 = Release|x86
		{D86AB142-3302-48E8-A967-7B0F31058EF6}.Release|x64.ActiveCfg = Release|x64
		{D86AB142-3302-48E8-A967-7B0F31058EF6}.Release|x64.Build.0 = Release|x64
		{D86AB142-3302-48E8-A967-7B0F31058EF6}.Release|x86.ActiveCfg = Release|x86
		{D86AB142-3302-48E8-A967-7B0F31058EF6}.Release|x86.Build.0 = Release|x86
		{F0FE43E2-82A0-4913-AFF3-37DDD16C896E}.Debug|Any CPU.ActiveCfg = Debug|x86
		{F0FE43E2-82A0-4913-AFF3-37DDD16C896E}.Debug|Mixed Platforms.ActiveCfg = Debug|x86
		{F0FE43E2-82A0-4913-AFF3-37DDD16C896E}.Debug|Mixed Platforms.Build.0 = Debug|x86
		{F0FE43E2-82A0-4913-AFF3-37DDD16C896E}.Debug|x64.ActiveCfg = Debug|x64
		{F0FE43E2-82A0-4913-AFF3-37DDD16C896E}.Debug|x64.Build.0 = Debug|x64
		{F0FE43E2-82A0-4913-AFF3-37DDD16C896E}.Debug|x86.ActiveCfg = Debug|x86
		{F0FE43E2-82A0-4913-AFF3-37DDD16C896E}.Debug|x86.Build.0 = Debug|x86
		{F0FE43E2-82A0-4913-AFF3-37DDD16C896E}.Release|Any CPU.ActiveCfg = Release|x86
		{F0FE43E2-82A0-4913-AFF3-37DDD16C896E}.Release|Mixed Platforms.ActiveCfg = Release|x86
		{F0FE43E2-82A0-4913-AFF3-37DDD16C896E}.Release|Mixed Platforms.Build.0 = Release|x86
		{F0FE43E2-82A0-4913-AFF3-37DDD16C896E}.Release|x64.ActiveCfg = Release|x64
		{F0FE43E2-82A0-4913-AFF3-37DDD16C896E}.Release|x64.Build.0 = Release|x64
		{F0FE43E2-82A0-4913-AFF3-37DDD16C896E}.Release|x86.ActiveCfg = Release|x86
		{F0FE43E2-82A0-4913-AFF3-37DDD16C896E}.Release|x86.Build.0 = Release|x86
		{BCB3306E-7BD9-4A57-97E5-165B7B84A3BA}.Debug|Any CPU.ActiveCfg = Debug|Any CPU
		{BCB3306E-7BD9-4A57-97E5-165B7B84A3BA}.Debug|Any CPU.Build.0 = Debug|Any CPU
		{BCB3306E-7BD9-4A57-97E5-165B7B84A3BA}.Debug|Mixed Platforms.ActiveCfg = Debug|Any CPU
		{BCB3306E-7BD9-4A57-97E5-165B7B84A3BA}.Debug|Mixed Platforms.Build.0 = Debug|Any CPU
		{BCB3306E-7BD9-4A57-97E5-165B7B84A3BA}.Debug|x64.ActiveCfg = Debug|x64
		{BCB3306E-7BD9-4A57-97E5-165B7B84A3BA}.Debug|x64.Build.0 = Debug|x64
		{BCB3306E-7BD9-4A57-97E5-165B7B84A3BA}.Debug|x86.ActiveCfg = Debug|x86
		{BCB3306E-7BD9-4A57-97E5-165B7B84A3BA}.Debug|x86.Build.0 = Debug|x86
		{BCB3306E-7BD9-4A57-97E5-165B7B84A3BA}.Release|Any CPU.ActiveCfg = Release|Any CPU
		{BCB3306E-7BD9-4A57-97E5-165B7B84A3BA}.Release|Any CPU.Build.0 = Release|Any CPU
		{BCB3306E-7BD9-4A57-97E5-165B7B84A3BA}.Release|Mixed Platforms.ActiveCfg = Release|Any CPU
		{BCB3306E-7BD9-4A57-97E5-165B7B84A3BA}.Release|Mixed Platforms.Build.0 = Release|Any CPU
		{BCB3306E-7BD9-4A57-97E5-165B7B84A3BA}.Release|x64.ActiveCfg = Release|x64
		{BCB3306E-7BD9-4A57-97E5-165B7B84A3BA}.Release|x64.Build.0 = Release|x64
		{BCB3306E-7BD9-4A57-97E5-165B7B84A3BA}.Release|x86.ActiveCfg = Release|x86
		{BCB3306E-7BD9-4A57-97E5-165B7B84A3BA}.Release|x86.Build.0 = Release|x86
		{65910645-21EB-4D86-A278-1E47FC58157E}.Debug|Any CPU.ActiveCfg = Debug|Any CPU
		{65910645-21EB-4D86-A278-1E47FC58157E}.Debug|Any CPU.Build.0 = Debug|Any CPU
		{65910645-21EB-4D86-A278-1E47FC58157E}.Debug|Mixed Platforms.ActiveCfg = Debug|Any CPU
		{65910645-21EB-4D86-A278-1E47FC58157E}.Debug|Mixed Platforms.Build.0 = Debug|Any CPU
		{65910645-21EB-4D86-A278-1E47FC58157E}.Debug|x64.ActiveCfg = Debug|x64
		{65910645-21EB-4D86-A278-1E47FC58157E}.Debug|x64.Build.0 = Debug|x64
		{65910645-21EB-4D86-A278-1E47FC58157E}.Debug|x86.ActiveCfg = Debug|x86
		{65910645-21EB-4D86-A278-1E47FC58157E}.Debug|x86.Build.0 = Debug|x86
		{65910645-21EB-4D86-A278-1E47FC58157E}.Release|Any CPU.ActiveCfg = Release|Any CPU
		{65910645-21EB-4D86-A278-1E47FC58157E}.Release|Any CPU.Build.0 = Release|Any CPU
		{65910645-21EB-4D86-A278-1E47FC58157E}.Release|Mixed Platforms.ActiveCfg = Release|Any CPU
		{65910645-21EB-4D86-A278-1E47FC58157E}.Release|Mixed Platforms.Build.0 = Release|Any CPU
		{65910645-21EB-4D86-A278-1E47FC58157E}.Release|x64.ActiveCfg = Release|x64
		{65910645-21EB-4D86-A278-1E47FC58157E}.Release|x64.Build.0 = Release|x64
		{65910645-21EB-4D86-A278-1E47FC58157E}.Release|x86.ActiveCfg = Release|x86
		{65910645-21EB-4D86-A278-1E47FC58157E}.Release|x86.Build.0 = Release|x86
		{767DCDA9-8DF7-40CD-82F4-42D25973C838}.Debug|Any CPU.ActiveCfg = Debug|Any CPU
		{767DCDA9-8DF7-40CD-82F4-42D25973C838}.Debug|Any CPU.Build.0 = Debug|Any CPU
		{767DCDA9-8DF7-40CD-82F4-42D25973C838}.Debug|Mixed Platforms.ActiveCfg = Debug|Any CPU
		{767DCDA9-8DF7-40CD-82F4-42D25973C838}.Debug|Mixed Platforms.Build.0 = Debug|Any CPU
		{767DCDA9-8DF7-40CD-82F4-42D25973C838}.Debug|x64.ActiveCfg = Debug|x64
		{767DCDA9-8DF7-40CD-82F4-42D25973C838}.Debug|x64.Build.0 = Debug|x64
		{767DCDA9-8DF7-40CD-82F4-42D25973C838}.Debug|x86.ActiveCfg = Debug|x86
		{767DCDA9-8DF7-40CD-82F4-42D25973C838}.Debug|x86.Build.0 = Debug|x86
		{767DCDA9-8DF7-40CD-82F4-42D25973C838}.Release|Any CPU.ActiveCfg = Release|Any CPU
		{767DCDA9-8DF7-40CD-82F4-42D25973C838}.Release|Any CPU.Build.0 = Release|Any CPU
		{767DCDA9-8DF7-40CD-82F4-42D25973C838}.Release|Mixed Platforms.ActiveCfg = Release|Any CPU
		{767DCDA9-8DF7-40CD-82F4-42D25973C838}.Release|Mixed Platforms.Build.0 = Release|Any CPU
		{767DCDA9-8DF7-40CD-82F4-42D25973C838}.Release|x64.ActiveCfg = Release|x64
		{767DCDA9-8DF7-40CD-82F4-42D25973C838}.Release|x64.Build.0 = Release|x64
		{767DCDA9-8DF7-40CD-82F4-42D25973C838}.Release|x86.ActiveCfg = Release|x86
		{767DCDA9-8DF7-40CD-82F4-42D25973C838}.Release|x86.Build.0 = Release|x86
		{27D1A5E6-06B9-4C89-917B-0F5C98CB5E1F}.Debug|Any CPU.ActiveCfg = Debug|Any CPU
		{27D1A5E6-06B9-4C89-917B-0F5C98CB5E1F}.Debug|Any CPU.Build.0 = Debug|Any CPU
		{27D1A5E6-06B9-4C89-917B-0F5C98CB5E1F}.Debug|Mixed Platforms.ActiveCfg = Debug|Any CPU
		{27D1A5E6-06B9-4C89-917B-0F5C98CB5E1F}.Debug|Mixed Platforms.Build.0 = Debug|Any CPU
		{27D1A5E6-06B9-4C89-917B-0F5C98CB5E1F}.Debug|x64.ActiveCfg = Debug|x64
		{27D1A5E6-06B9-4C89-917B-0F5C98CB5E1F}.Debug|x64.Build.0 = Debug|x64
		{27D1A5E6-06B9-4C89-917B-0F5C98CB5E1F}.Debug|x86.ActiveCfg = Debug|x86
		{27D1A5E6-06B9-4C89-917B-0F5C98CB5E1F}.Debug|x86.Build.0 = Debug|x86
		{27D1A5E6-06B9-4C89-917B-0F5C98CB5E1F}.Release|Any CPU.ActiveCfg = Release|Any CPU
		{27D1A5E6-06B9-4C89-917B-0F5C98CB5E1F}.Release|Any CPU.Build.0 = Release|Any CPU
		{27D1A5E6-06B9-4C89-917B-0F5C98CB5E1F}.Release|Mixed Platforms.ActiveCfg = Release|Any CPU
		{27D1A5E6-06B9-4C89-917B-0F5C98CB5E1F}.Release|Mixed Platforms.Build.0 = Release|Any CPU
		{27D1A5E6-06B9-4C89-917B-0F5C98CB5E1F}.Release|x64.ActiveCfg = Release|x64
		{27D1A5E6-06B9-4C89-917B-0F5C98CB5E1F}.Release|x64.Build.0 = Release|x64
		{27D1A5E6-06B9-4C89-917B-0F5C98CB5E1F}.Release|x86.ActiveCfg = Release|x86
		{27D1A5E6-06B9-4C89-917B-0F5C98CB5E1F}.Release|x86.Build.0 = Release|x86
		{78E7586D-EDA6-4A57-9432-4D9F2602C2CE}.Debug|Any CPU.ActiveCfg = Debug|Any CPU
		{78E7586D-EDA6-4A57-9432-4D9F2602C2CE}.Debug|Any CPU.Build.0 = Debug|Any CPU
		{78E7586D-EDA6-4A57-9432-4D9F2602C2CE}.Debug|Mixed Platforms.ActiveCfg = Debug|Any CPU
		{78E7586D-EDA6-4A57-9432-4D9F2602C2CE}.Debug|Mixed Platforms.Build.0 = Debug|Any CPU
		{78E7586D-EDA6-4A57-9432-4D9F2602C2CE}.Debug|x64.ActiveCfg = Debug|x64
		{78E7586D-EDA6-4A57-9432-4D9F2602C2CE}.Debug|x64.Build.0 = Debug|x64
		{78E7586D-EDA6-4A57-9432-4D9F2602C2CE}.Debug|x86.ActiveCfg = Debug|x86
		{78E7586D-EDA6-4A57-9432-4D9F2602C2CE}.Debug|x86.Build.0 = Debug|x86
		{78E7586D-EDA6-4A57-9432-4D9F2602C2CE}.Release|Any CPU.ActiveCfg = Release|Any CPU
		{78E7586D-EDA6-4A57-9432-4D9F2602C2CE}.Release|Any CPU.Build.0 = Release|Any CPU
		{78E7586D-EDA6-4A57-9432-4D9F2602C2CE}.Release|Mixed Platforms.ActiveCfg = Release|Any CPU
		{78E7586D-EDA6-4A57-9432-4D9F2602C2CE}.Release|Mixed Platforms.Build.0 = Release|Any CPU
		{78E7586D-EDA6-4A57-9432-4D9F2602C2CE}.Release|x64.ActiveCfg = Release|x64
		{78E7586D-EDA6-4A57-9432-4D9F2602C2CE}.Release|x64.Build.0 = Release|x64
		{78E7586D-EDA6-4A57-9432-4D9F2602C2CE}.Release|x86.ActiveCfg = Release|x86
		{78E7586D-EDA6-4A57-9432-4D9F2602C2CE}.Release|x86.Build.0 = Release|x86
		{5B4476A7-1432-451C-848F-7D62DA4F49D2}.Debug|Any CPU.ActiveCfg = Debug|x86
		{5B4476A7-1432-451C-848F-7D62DA4F49D2}.Debug|Mixed Platforms.ActiveCfg = Debug|x86
		{5B4476A7-1432-451C-848F-7D62DA4F49D2}.Debug|Mixed Platforms.Build.0 = Debug|x86
		{5B4476A7-1432-451C-848F-7D62DA4F49D2}.Debug|x64.ActiveCfg = Debug|x64
		{5B4476A7-1432-451C-848F-7D62DA4F49D2}.Debug|x64.Build.0 = Debug|x64
		{5B4476A7-1432-451C-848F-7D62DA4F49D2}.Debug|x86.ActiveCfg = Debug|x86
		{5B4476A7-1432-451C-848F-7D62DA4F49D2}.Debug|x86.Build.0 = Debug|x86
		{5B4476A7-1432-451C-848F-7D62DA4F49D2}.Release|Any CPU.ActiveCfg = Release|x86
		{5B4476A7-1432-451C-848F-7D62DA4F49D2}.Release|Mixed Platforms.ActiveCfg = Release|x86
		{5B4476A7-1432-451C-848F-7D62DA4F49D2}.Release|Mixed Platforms.Build.0 = Release|x86
		{5B4476A7-1432-451C-848F-7D62DA4F49D2}.Release|x64.ActiveCfg = Release|x64
		{5B4476A7-1432-451C-848F-7D62DA4F49D2}.Release|x64.Build.0 = Release|x64
		{5B4476A7-1432-451C-848F-7D62DA4F49D2}.Release|x86.ActiveCfg = Release|x86
		{5B4476A7-1432-451C-848F-7D62DA4F49D2}.Release|x86.Build.0 = Release|x86
		{416A2FE3-3EA3-493C-BF50-781D9DF0C897}.Debug|Any CPU.ActiveCfg = Debug|Any CPU
		{416A2FE3-3EA3-493C-BF50-781D9DF0C897}.Debug|Any CPU.Build.0 = Debug|Any CPU
		{416A2FE3-3EA3-493C-BF50-781D9DF0C897}.Debug|Mixed Platforms.ActiveCfg = Debug|Any CPU
		{416A2FE3-3EA3-493C-BF50-781D9DF0C897}.Debug|Mixed Platforms.Build.0 = Debug|Any CPU
		{416A2FE3-3EA3-493C-BF50-781D9DF0C897}.Debug|x64.ActiveCfg = Debug|x64
		{416A2FE3-3EA3-493C-BF50-781D9DF0C897}.Debug|x64.Build.0 = Debug|x64
		{416A2FE3-3EA3-493C-BF50-781D9DF0C897}.Debug|x86.ActiveCfg = Debug|x86
		{416A2FE3-3EA3-493C-BF50-781D9DF0C897}.Debug|x86.Build.0 = Debug|x86
		{416A2FE3-3EA3-493C-BF50-781D9DF0C897}.Release|Any CPU.ActiveCfg = Release|Any CPU
		{416A2FE3-3EA3-493C-BF50-781D9DF0C897}.Release|Any CPU.Build.0 = Release|Any CPU
		{416A2FE3-3EA3-493C-BF50-781D9DF0C897}.Release|Mixed Platforms.ActiveCfg = Release|Any CPU
		{416A2FE3-3EA3-493C-BF50-781D9DF0C897}.Release|Mixed Platforms.Build.0 = Release|Any CPU
		{416A2FE3-3EA3-493C-BF50-781D9DF0C897}.Release|x64.ActiveCfg = Release|Any CPU
		{416A2FE3-3EA3-493C-BF50-781D9DF0C897}.Release|x64.Build.0 = Release|Any CPU
		{416A2FE3-3EA3-493C-BF50-781D9DF0C897}.Release|x86.ActiveCfg = Release|Any CPU
		{416A2FE3-3EA3-493C-BF50-781D9DF0C897}.Release|x86.Build.0 = Release|Any CPU
		{91116AED-D916-47FF-8232-3B9F14525E55}.Debug|Any CPU.ActiveCfg = Debug|x86
		{91116AED-D916-47FF-8232-3B9F14525E55}.Debug|Mixed Platforms.ActiveCfg = Debug|x86
		{91116AED-D916-47FF-8232-3B9F14525E55}.Debug|Mixed Platforms.Build.0 = Debug|x86
		{91116AED-D916-47FF-8232-3B9F14525E55}.Debug|x64.ActiveCfg = Debug|x86
		{91116AED-D916-47FF-8232-3B9F14525E55}.Debug|x86.ActiveCfg = Debug|x86
		{91116AED-D916-47FF-8232-3B9F14525E55}.Debug|x86.Build.0 = Debug|x86
		{91116AED-D916-47FF-8232-3B9F14525E55}.Release|Any CPU.ActiveCfg = Release|x86
		{91116AED-D916-47FF-8232-3B9F14525E55}.Release|Mixed Platforms.ActiveCfg = Release|x86
		{91116AED-D916-47FF-8232-3B9F14525E55}.Release|Mixed Platforms.Build.0 = Release|x86
		{91116AED-D916-47FF-8232-3B9F14525E55}.Release|x64.ActiveCfg = Release|x86
		{91116AED-D916-47FF-8232-3B9F14525E55}.Release|x86.ActiveCfg = Release|x86
		{91116AED-D916-47FF-8232-3B9F14525E55}.Release|x86.Build.0 = Release|x86
		{3B972E84-AB15-4E13-9BE9-6336A775BE1F}.Debug|Any CPU.ActiveCfg = Debug|Any CPU
		{3B972E84-AB15-4E13-9BE9-6336A775BE1F}.Debug|Any CPU.Build.0 = Debug|Any CPU
		{3B972E84-AB15-4E13-9BE9-6336A775BE1F}.Debug|Mixed Platforms.ActiveCfg = Debug|Any CPU
		{3B972E84-AB15-4E13-9BE9-6336A775BE1F}.Debug|Mixed Platforms.Build.0 = Debug|Any CPU
		{3B972E84-AB15-4E13-9BE9-6336A775BE1F}.Debug|x64.ActiveCfg = Debug|Any CPU
		{3B972E84-AB15-4E13-9BE9-6336A775BE1F}.Debug|x86.ActiveCfg = Debug|Any CPU
		{3B972E84-AB15-4E13-9BE9-6336A775BE1F}.Release|Any CPU.ActiveCfg = Release|Any CPU
		{3B972E84-AB15-4E13-9BE9-6336A775BE1F}.Release|Any CPU.Build.0 = Release|Any CPU
		{3B972E84-AB15-4E13-9BE9-6336A775BE1F}.Release|Mixed Platforms.ActiveCfg = Release|Any CPU
		{3B972E84-AB15-4E13-9BE9-6336A775BE1F}.Release|Mixed Platforms.Build.0 = Release|Any CPU
		{3B972E84-AB15-4E13-9BE9-6336A775BE1F}.Release|x64.ActiveCfg = Release|x64
		{3B972E84-AB15-4E13-9BE9-6336A775BE1F}.Release|x64.Build.0 = Release|x64
		{3B972E84-AB15-4E13-9BE9-6336A775BE1F}.Release|x86.ActiveCfg = Release|Any CPU
	EndGlobalSection
	GlobalSection(SolutionProperties) = preSolution
		HideSolutionNode = FALSE
	EndGlobalSection
	GlobalSection(TestCaseManagementSettings) = postSolution
		CategoryFile = AuthEngine.vsmdi
	EndGlobalSection
EndGlobal
